// !$*UTF8*$!
{
	archiveVersion = 1;
	classes = {
	};
	objectVersion = 50;
	objects = {

/* Begin PBXBuildFile section */
		046FE1322314C25000C43D25 /* AppDelegate.m in Sources */ = {isa = PBXBuildFile; fileRef = 046FE1312314C25000C43D25 /* AppDelegate.m */; };
		046FE1352314C25000C43D25 /* SceneDelegate.m in Sources */ = {isa = PBXBuildFile; fileRef = 046FE1342314C25000C43D25 /* SceneDelegate.m */; };
		046FE1382314C25000C43D25 /* ViewController.m in Sources */ = {isa = PBXBuildFile; fileRef = 046FE1372314C25000C43D25 /* ViewController.m */; };
		046FE13B2314C25000C43D25 /* Main.storyboard in Resources */ = {isa = PBXBuildFile; fileRef = 046FE1392314C25000C43D25 /* Main.storyboard */; };
		046FE13D2314C25200C43D25 /* Assets.xcassets in Resources */ = {isa = PBXBuildFile; fileRef = 046FE13C2314C25200C43D25 /* Assets.xcassets */; };
		046FE1402314C25200C43D25 /* LaunchScreen.storyboard in Resources */ = {isa = PBXBuildFile; fileRef = 046FE13E2314C25200C43D25 /* LaunchScreen.storyboard */; };
		046FE1432314C25200C43D25 /* main.m in Sources */ = {isa = PBXBuildFile; fileRef = 046FE1422314C25200C43D25 /* main.m */; };
/* End PBXBuildFile section */

/* Begin PBXFileReference section */
		046FE12D2314C25000C43D25 /* GroupA.app */ = {isa = PBXFileReference; explicitFileType = wrapper.application; includeInIndex = 0; path = GroupA.app; sourceTree = BUILT_PRODUCTS_DIR; };
		046FE1302314C25000C43D25 /* AppDelegate.h */ = {isa = PBXFileReference; lastKnownFileType = sourcecode.c.h; path = AppDelegate.h; sourceTree = "<group>"; };
		046FE1312314C25000C43D25 /* AppDelegate.m */ = {isa = PBXFileReference; lastKnownFileType = sourcecode.c.objc; path = AppDelegate.m; sourceTree = "<group>"; };
		046FE1332314C25000C43D25 /* SceneDelegate.h */ = {isa = PBXFileReference; lastKnownFileType = sourcecode.c.h; path = SceneDelegate.h; sourceTree = "<group>"; };
		046FE1342314C25000C43D25 /* SceneDelegate.m */ = {isa = PBXFileReference; lastKnownFileType = sourcecode.c.objc; path = SceneDelegate.m; sourceTree = "<group>"; };
		046FE1362314C25000C43D25 /* ViewController.h */ = {isa = PBXFileReference; lastKnownFileType = sourcecode.c.h; path = ViewController.h; sourceTree = "<group>"; };
		046FE1372314C25000C43D25 /* ViewController.m */ = {isa = PBXFileReference; lastKnownFileType = sourcecode.c.objc; path = ViewController.m; sourceTree = "<group>"; };
		046FE13A2314C25000C43D25 /* Base */ = {isa = PBXFileReference; lastKnownFileType = file.storyboard; name = Base; path = Base.lproj/Main.storyboard; sourceTree = "<group>"; };
		046FE13C2314C25200C43D25 /* Assets.xcassets */ = {isa = PBXFileReference; lastKnownFileType = folder.assetcatalog; path = Assets.xcassets; sourceTree = "<group>"; };
		046FE13F2314C25200C43D25 /* Base */ = {isa = PBXFileReference; lastKnownFileType = file.storyboard; name = Base; path = Base.lproj/LaunchScreen.storyboard; sourceTree = "<group>"; };
		046FE1412314C25200C43D25 /* Info.plist */ = {isa = PBXFileReference; lastKnownFileType = text.plist.xml; path = Info.plist; sourceTree = "<group>"; };
		046FE1422314C25200C43D25 /* main.m */ = {isa = PBXFileReference; lastKnownFileType = sourcecode.c.objc; path = main.m; sourceTree = "<group>"; };
		046FE1492314C26700C43D25 /* GroupA.entitlements */ = {isa = PBXFileReference; lastKnownFileType = text.plist.entitlements; path = GroupA.entitlements; sourceTree = "<group>"; };
/* End PBXFileReference section */

/* Begin PBXFrameworksBuildPhase section */
		046FE12A2314C25000C43D25 /* Frameworks */ = {
			isa = PBXFrameworksBuildPhase;
			buildActionMask = 2147483647;
			files = (
			);
			runOnlyForDeploymentPostprocessing = 0;
		};
/* End PBXFrameworksBuildPhase section */

/* Begin PBXGroup section */
		046FE1242314C25000C43D25 = {
			isa = PBXGroup;
			children = (
				046FE12F2314C25000C43D25 /* GroupA */,
				046FE12E2314C25000C43D25 /* Products */,
			);
			sourceTree = "<group>";
		};
		046FE12E2314C25000C43D25 /* Products */ = {
			isa = PBXGroup;
			children = (
				046FE12D2314C25000C43D25 /* GroupA.app */,
			);
			name = Products;
			sourceTree = "<group>";
		};
		046FE12F2314C25000C43D25 /* GroupA */ = {
			isa = PBXGroup;
			children = (
				046FE1492314C26700C43D25 /* GroupA.entitlements */,
				046FE1302314C25000C43D25 /* AppDelegate.h */,
				046FE1312314C25000C43D25 /* AppDelegate.m */,
				046FE1332314C25000C43D25 /* SceneDelegate.h */,
				046FE1342314C25000C43D25 /* SceneDelegate.m */,
				046FE1362314C25000C43D25 /* ViewController.h */,
				046FE1372314C25000C43D25 /* ViewController.m */,
				046FE1392314C25000C43D25 /* Main.storyboard */,
				046FE13C2314C25200C43D25 /* Assets.xcassets */,
				046FE13E2314C25200C43D25 /* LaunchScreen.storyboard */,
				046FE1412314C25200C43D25 /* Info.plist */,
				046FE1422314C25200C43D25 /* main.m */,
			);
			path = GroupA;
			sourceTree = "<group>";
		};
/* End PBXGroup section */

/* Begin PBXNativeTarget section */
		046FE12C2314C25000C43D25 /* GroupA */ = {
			isa = PBXNativeTarget;
			buildConfigurationList = 046FE1462314C25200C43D25 /* Build configuration list for PBXNativeTarget "GroupA" */;
			buildPhases = (
				046FE1292314C25000C43D25 /* Sources */,
				046FE12A2314C25000C43D25 /* Frameworks */,
				046FE12B2314C25000C43D25 /* Resources */,
			);
			buildRules = (
			);
			dependencies = (
			);
			name = GroupA;
			productName = GroupA;
			productReference = 046FE12D2314C25000C43D25 /* GroupA.app */;
			productType = "com.apple.product-type.application";
		};
/* End PBXNativeTarget section */

/* Begin PBXProject section */
		046FE1252314C25000C43D25 /* Project object */ = {
			isa = PBXProject;
			attributes = {
				LastUpgradeCheck = 1100;
				ORGANIZATIONNAME = "黄瑞";
				TargetAttributes = {
					046FE12C2314C25000C43D25 = {
						CreatedOnToolsVersion = 11.0;
					};
				};
			};
			buildConfigurationList = 046FE1282314C25000C43D25 /* Build configuration list for PBXProject "GroupA" */;
			compatibilityVersion = "Xcode 9.3";
			developmentRegion = en;
			hasScannedForEncodings = 0;
			knownRegions = (
				en,
				Base,
			);
			mainGroup = 046FE1242314C25000C43D25;
			productRefGroup = 046FE12E2314C25000C43D25 /* Products */;
			projectDirPath = "";
			projectRoot = "";
			targets = (
				046FE12C2314C25000C43D25 /* GroupA */,
			);
		};
/* End PBXProject section */

/* Begin PBXResourcesBuildPhase section */
		046FE12B2314C25000C43D25 /* Resources */ = {
			isa = PBXResourcesBuildPhase;
			buildActionMask = 2147483647;
			files = (
				046FE1402314C25200C43D25 /* LaunchScreen.storyboard in Resources */,
				046FE13D2314C25200C43D25 /* Assets.xcassets in Resources */,
				046FE13B2314C25000C43D25 /* Main.storyboard in Resources */,
			);
			runOnlyForDeploymentPostprocessing = 0;
		};
/* End PBXResourcesBuildPhase section */

/* Begin PBXSourcesBuildPhase section */
		046FE1292314C25000C43D25 /* Sources */ = {
			isa = PBXSourcesBuildPhase;
			buildActionMask = 2147483647;
			files = (
				046FE1382314C25000C43D25 /* ViewController.m in Sources */,
				046FE1322314C25000C43D25 /* AppDelegate.m in Sources */,
				046FE1432314C25200C43D25 /* main.m in Sources */,
				046FE1352314C25000C43D25 /* SceneDelegate.m in Sources */,
			);
			runOnlyForDeploymentPostprocessing = 0;
		};
/* End PBXSourcesBuildPhase section */

/* Begin PBXVariantGroup section */
		046FE1392314C25000C43D25 /* Main.storyboard */ = {
			isa = PBXVariantGroup;
			children = (
				046FE13A2314C25000C43D25 /* Base */,
			);
			name = Main.storyboard;
			sourceTree = "<group>";
		};
		046FE13E2314C25200C43D25 /* LaunchScreen.storyboard */ = {
			isa = PBXVariantGroup;
			children = (
				046FE13F2314C25200C43D25 /* Base */,
			);
			name = LaunchScreen.storyboard;
			sourceTree = "<group>";
		};
/* End PBXVariantGroup section */

/* Begin XCBuildConfiguration section */
		046FE1442314C25200C43D25 /* Debug */ = {
			isa = XCBuildConfiguration;
			buildSettings = {
				ALWAYS_SEARCH_USER_PATHS = NO;
				CLANG_ANALYZER_NONNULL = YES;
				CLANG_ANALYZER_NUMBER_OBJECT_CONVERSION = YES_AGGRESSIVE;
				CLANG_CXX_LANGUAGE_STANDARD = "gnu++14";
				CLANG_CXX_LIBRARY = "libc++";
				CLANG_ENABLE_MODULES = YES;
				CLANG_ENABLE_OBJC_ARC = YES;
				CLANG_ENABLE_OBJC_WEAK = YES;
				CLANG_WARN_BLOCK_CAPTURE_AUTORELEASING = YES;
				CLANG_WARN_BOOL_CONVERSION = YES;
				CLANG_WARN_COMMA = YES;
				CLANG_WARN_CONSTANT_CONVERSION = YES;
				CLANG_WARN_DEPRECATED_OBJC_IMPLEMENTATIONS = YES;
				CLANG_WARN_DIRECT_OBJC_ISA_USAGE = YES_ERROR;
				CLANG_WARN_DOCUMENTATION_COMMENTS = YES;
				CLANG_WARN_EMPTY_BODY = YES;
				CLANG_WARN_ENUM_CONVERSION = YES;
				CLANG_WARN_INFINITE_RECURSION = YES;
				CLANG_WARN_INT_CONVERSION = YES;
				CLANG_WARN_NON_LITERAL_NULL_CONVERSION = YES;
				CLANG_WARN_OBJC_IMPLICIT_RETAIN_SELF = YES;
				CLANG_WARN_OBJC_LITERAL_CONVERSION = YES;
				CLANG_WARN_OBJC_ROOT_CLASS = YES_ERROR;
				CLANG_WARN_RANGE_LOOP_ANALYSIS = YES;
				CLANG_WARN_STRICT_PROTOTYPES = YES;
				CLANG_WARN_SUSPICIOUS_MOVE = YES;
				CLANG_WARN_UNGUARDED_AVAILABILITY = YES_AGGRESSIVE;
				CLANG_WARN_UNREACHABLE_CODE = YES;
				CLANG_WARN__DUPLICATE_METHOD_MATCH = YES;
				COPY_PHASE_STRIP = NO;
				DEBUG_INFORMATION_FORMAT = dwarf;
				ENABLE_STRICT_OBJC_MSGSEND = YES;
				ENABLE_TESTABILITY = YES;
				GCC_C_LANGUAGE_STANDARD = gnu11;
				GCC_DYNAMIC_NO_PIC = NO;
				GCC_NO_COMMON_BLOCKS = YES;
				GCC_OPTIMIZATION_LEVEL = 0;
				GCC_PREPROCESSOR_DEFINITIONS = (
					"DEBUG=1",
					"$(inherited)",
				);
				GCC_WARN_64_TO_32_BIT_CONVERSION = YES;
				GCC_WARN_ABOUT_RETURN_TYPE = YES_ERROR;
				GCC_WARN_UNDECLARED_SELECTOR = YES;
				GCC_WARN_UNINITIALIZED_AUTOS = YES_AGGRESSIVE;
				GCC_WARN_UNUSED_FUNCTION = YES;
				GCC_WARN_UNUSED_VARIABLE = YES;
				IPHONEOS_DEPLOYMENT_TARGET = 13.0;
				MTL_ENABLE_DEBUG_INFO = INCLUDE_SOURCE;
				MTL_FAST_MATH = YES;
				ONLY_ACTIVE_ARCH = YES;
				SDKROOT = iphoneos;
			};
			name = Debug;
		};
		046FE1452314C25200C43D25 /* Release */ = {
			isa = XCBuildConfiguration;
			buildSettings = {
				ALWAYS_SEARCH_USER_PATHS = NO;
				CLANG_ANALYZER_NONNULL = YES;
				CLANG_ANALYZER_NUMBER_OBJECT_CONVERSION = YES_AGGRESSIVE;
				CLANG_CXX_LANGUAGE_STANDARD = "gnu++14";
				CLANG_CXX_LIBRARY = "libc++";
				CLANG_ENABLE_MODULES = YES;
				CLANG_ENABLE_OBJC_ARC = YES;
				CLANG_ENABLE_OBJC_WEAK = YES;
				CLANG_WARN_BLOCK_CAPTURE_AUTORELEASING = YES;
				CLANG_WARN_BOOL_CONVERSION = YES;
				CLANG_WARN_COMMA = YES;
				CLANG_WARN_CONSTANT_CONVERSION = YES;
				CLANG_WARN_DEPRECATED_OBJC_IMPLEMENTATIONS = YES;
				CLANG_WARN_DIRECT_OBJC_ISA_USAGE = YES_ERROR;
				CLANG_WARN_DOCUMENTATION_COMMENTS = YES;
				CLANG_WARN_EMPTY_BODY = YES;
				CLANG_WARN_ENUM_CONVERSION = YES;
				CLANG_WARN_INFINITE_RECURSION = YES;
				CLANG_WARN_INT_CONVERSION = YES;
				CLANG_WARN_NON_LITERAL_NULL_CONVERSION = YES;
				CLANG_WARN_OBJC_IMPLICIT_RETAIN_SELF = YES;
				CLANG_WARN_OBJC_LITERAL_CONVERSION = YES;
				CLANG_WARN_OBJC_ROOT_CLASS = YES_ERROR;
				CLANG_WARN_RANGE_LOOP_ANALYSIS = YES;
				CLANG_WARN_STRICT_PROTOTYPES = YES;
				CLANG_WARN_SUSPICIOUS_MOVE = YES;
				CLANG_WARN_UNGUARDED_AVAILABILITY = YES_AGGRESSIVE;
				CLANG_WARN_UNREACHABLE_CODE = YES;
				CLANG_WARN__DUPLICATE_METHOD_MATCH = YES;
				COPY_PHASE_STRIP = NO;
				DEBUG_INFORMATION_FORMAT = "dwarf-with-dsym";
				ENABLE_NS_ASSERTIONS = NO;
				ENABLE_STRICT_OBJC_MSGSEND = YES;
				GCC_C_LANGUAGE_STANDARD = gnu11;
				GCC_NO_COMMON_BLOCKS = YES;
				GCC_WARN_64_TO_32_BIT_CONVERSION = YES;
				GCC_WARN_ABOUT_RETURN_TYPE = YES_ERROR;
				GCC_WARN_UNDECLARED_SELECTOR = YES;
				GCC_WARN_UNINITIALIZED_AUTOS = YES_AGGRESSIVE;
				GCC_WARN_UNUSED_FUNCTION = YES;
				GCC_WARN_UNUSED_VARIABLE = YES;
				IPHONEOS_DEPLOYMENT_TARGET = 13.0;
				MTL_ENABLE_DEBUG_INFO = NO;
				MTL_FAST_MATH = YES;
				SDKROOT = iphoneos;
				VALIDATE_PRODUCT = YES;
			};
			name = Release;
		};
		046FE1472314C25200C43D25 /* Debug */ = {
			isa = XCBuildConfiguration;
			buildSettings = {
				ASSETCATALOG_COMPILER_APPICON_NAME = AppIcon;
				CODE_SIGN_ENTITLEMENTS = GroupA/GroupA.entitlements;
				CODE_SIGN_STYLE = Automatic;
				DEVELOPMENT_TEAM = XSP8LJW7DB;
				INFOPLIST_FILE = GroupA/Info.plist;
				LD_RUNPATH_SEARCH_PATHS = (
					"$(inherited)",
					"@executable_path/Frameworks",
				);
				PRODUCT_BUNDLE_IDENTIFIER = com.huangrui.GroupA;
				PRODUCT_NAME = "$(TARGET_NAME)";
				TARGETED_DEVICE_FAMILY = "1,2";
			};
			name = Debug;
		};
		046FE1482314C25200C43D25 /* Release */ = {
			isa = XCBuildConfiguration;
			buildSettings = {
				ASSETCATALOG_COMPILER_APPICON_NAME = AppIcon;
				CODE_SIGN_ENTITLEMENTS = GroupA/GroupA.entitlements;
				CODE_SIGN_STYLE = Automatic;
				DEVELOPMENT_TEAM = XSP8LJW7DB;
				INFOPLIST_FILE = GroupA/Info.plist;
				LD_RUNPATH_SEARCH_PATHS = (
					"$(inherited)",
					"@executable_path/Frameworks",
				);
				PRODUCT_BUNDLE_IDENTIFIER = com.huangrui.GroupA;
				PRODUCT_NAME = "$(TARGET_NAME)";
				TARGETED_DEVICE_FAMILY = "1,2";
			};
			name = Release;
		};
/* End XCBuildConfiguration section */

/* Begin XCConfigurationList section */
		046FE1282314C25000C43D25 /* Build configuration list for PBXProject "GroupA" */ = {
			isa = XCConfigurationList;
			buildConfigurations = (
				046FE1442314C25200C43D25 /* Debug */,
				046FE1452314C25200C43D25 /* Release */,
			);
			defaultConfigurationIsVisible = 0;
			defaultConfigurationName = Release;
		};
		046FE1462314C25200C43D25 /* Build configuration list for PBXNativeTarget "GroupA" */ = {
			isa = XCConfigurationList;
			buildConfigurations = (
				046FE1472314C25200C43D25 /* Debug */,
				046FE1482314C25200C43D25 /* Release */,
			);
			defaultConfigurationIsVisible = 0;
			defaultConfigurationName = Release;
		};
/* End XCConfigurationList section */
	};
	rootObject = 046FE1252314C25000C43D25 /* Project object */;
}
