// !$*UTF8*$!
{
	archiveVersion = 1;
	classes = {
	};
	objectVersion = 50;
	objects = {

/* Begin PBXBuildFile section */
		045637BF22D86CB5008F8E8B /* AppDelegate.m in Sources */ = {isa = PBXBuildFile; fileRef = 045637BE22D86CB5008F8E8B /* AppDelegate.m */; };
		045637C222D86CB5008F8E8B /* ViewController.m in Sources */ = {isa = PBXBuildFile; fileRef = 045637C122D86CB5008F8E8B /* ViewController.m */; };
		045637C522D86CB5008F8E8B /* Main.storyboard in Resources */ = {isa = PBXBuildFile; fileRef = 045637C322D86CB5008F8E8B /* Main.storyboard */; };
		045637C722D86CB6008F8E8B /* Assets.xcassets in Resources */ = {isa = PBXBuildFile; fileRef = 045637C622D86CB6008F8E8B /* Assets.xcassets */; };
		045637CA22D86CB6008F8E8B /* LaunchScreen.storyboard in Resources */ = {isa = PBXBuildFile; fileRef = 045637C822D86CB6008F8E8B /* LaunchScreen.storyboard */; };
		045637CD22D86CB6008F8E8B /* main.m in Sources */ = {isa = PBXBuildFile; fileRef = 045637CC22D86CB6008F8E8B /* main.m */; };
/* End PBXBuildFile section */

/* Begin PBXFileReference section */
		045637BA22D86CB5008F8E8B /* DocumentPlayer.app */ = {isa = PBXFileReference; explicitFileType = wrapper.application; includeInIndex = 0; path = DocumentPlayer.app; sourceTree = BUILT_PRODUCTS_DIR; };
		045637BD22D86CB5008F8E8B /* AppDelegate.h */ = {isa = PBXFileReference; lastKnownFileType = sourcecode.c.h; path = AppDelegate.h; sourceTree = "<group>"; };
		045637BE22D86CB5008F8E8B /* AppDelegate.m */ = {isa = PBXFileReference; lastKnownFileType = sourcecode.c.objc; path = AppDelegate.m; sourceTree = "<group>"; };
		045637C022D86CB5008F8E8B /* ViewController.h */ = {isa = PBXFileReference; lastKnownFileType = sourcecode.c.h; path = ViewController.h; sourceTree = "<group>"; };
		045637C122D86CB5008F8E8B /* ViewController.m */ = {isa = PBXFileReference; lastKnownFileType = sourcecode.c.objc; path = ViewController.m; sourceTree = "<group>"; };
		045637C422D86CB5008F8E8B /* Base */ = {isa = PBXFileReference; lastKnownFileType = file.storyboard; name = Base; path = Base.lproj/Main.storyboard; sourceTree = "<group>"; };
		045637C622D86CB6008F8E8B /* Assets.xcassets */ = {isa = PBXFileReference; lastKnownFileType = folder.assetcatalog; path = Assets.xcassets; sourceTree = "<group>"; };
		045637C922D86CB6008F8E8B /* Base */ = {isa = PBXFileReference; lastKnownFileType = file.storyboard; name = Base; path = Base.lproj/LaunchScreen.storyboard; sourceTree = "<group>"; };
		045637CB22D86CB6008F8E8B /* Info.plist */ = {isa = PBXFileReference; lastKnownFileType = text.plist.xml; path = Info.plist; sourceTree = "<group>"; };
		045637CC22D86CB6008F8E8B /* main.m */ = {isa = PBXFileReference; lastKnownFileType = sourcecode.c.objc; path = main.m; sourceTree = "<group>"; };
/* End PBXFileReference section */

/* Begin PBXFrameworksBuildPhase section */
		045637B722D86CB5008F8E8B /* Frameworks */ = {
			isa = PBXFrameworksBuildPhase;
			buildActionMask = 2147483647;
			files = (
			);
			runOnlyForDeploymentPostprocessing = 0;
		};
/* End PBXFrameworksBuildPhase section */

/* Begin PBXGroup section */
		045637B122D86CB5008F8E8B = {
			isa = PBXGroup;
			children = (
				045637BC22D86CB5008F8E8B /* DocumentPlayer */,
				045637BB22D86CB5008F8E8B /* Products */,
			);
			sourceTree = "<group>";
		};
		045637BB22D86CB5008F8E8B /* Products */ = {
			isa = PBXGroup;
			children = (
				045637BA22D86CB5008F8E8B /* DocumentPlayer.app */,
			);
			name = Products;
			sourceTree = "<group>";
		};
		045637BC22D86CB5008F8E8B /* DocumentPlayer */ = {
			isa = PBXGroup;
			children = (
				045637BD22D86CB5008F8E8B /* AppDelegate.h */,
				045637BE22D86CB5008F8E8B /* AppDelegate.m */,
				045637C022D86CB5008F8E8B /* ViewController.h */,
				045637C122D86CB5008F8E8B /* ViewController.m */,
				045637C322D86CB5008F8E8B /* Main.storyboard */,
				045637C622D86CB6008F8E8B /* Assets.xcassets */,
				045637C822D86CB6008F8E8B /* LaunchScreen.storyboard */,
				045637CB22D86CB6008F8E8B /* Info.plist */,
				045637CC22D86CB6008F8E8B /* main.m */,
			);
			path = DocumentPlayer;
			sourceTree = "<group>";
		};
/* End PBXGroup section */

/* Begin PBXNativeTarget section */
		045637B922D86CB5008F8E8B /* DocumentPlayer */ = {
			isa = PBXNativeTarget;
			buildConfigurationList = 045637D022D86CB6008F8E8B /* Build configuration list for PBXNativeTarget "DocumentPlayer" */;
			buildPhases = (
				045637B622D86CB5008F8E8B /* Sources */,
				045637B722D86CB5008F8E8B /* Frameworks */,
				045637B822D86CB5008F8E8B /* Resources */,
			);
			buildRules = (
			);
			dependencies = (
			);
			name = DocumentPlayer;
			productName = DocumentPlayer;
			productReference = 045637BA22D86CB5008F8E8B /* DocumentPlayer.app */;
			productType = "com.apple.product-type.application";
		};
/* End PBXNativeTarget section */

/* Begin PBXProject section */
		045637B222D86CB5008F8E8B /* Project object */ = {
			isa = PBXProject;
			attributes = {
				LastUpgradeCheck = 1020;
				ORGANIZATIONNAME = "黄瑞";
				TargetAttributes = {
					045637B922D86CB5008F8E8B = {
						CreatedOnToolsVersion = 10.2.1;
					};
				};
			};
			buildConfigurationList = 045637B522D86CB5008F8E8B /* Build configuration list for PBXProject "DocumentPlayer" */;
			compatibilityVersion = "Xcode 9.3";
			developmentRegion = en;
			hasScannedForEncodings = 0;
			knownRegions = (
				en,
				Base,
			);
			mainGroup = 045637B122D86CB5008F8E8B;
			productRefGroup = 045637BB22D86CB5008F8E8B /* Products */;
			projectDirPath = "";
			projectRoot = "";
			targets = (
				045637B922D86CB5008F8E8B /* DocumentPlayer */,
			);
		};
/* End PBXProject section */

/* Begin PBXResourcesBuildPhase section */
		045637B822D86CB5008F8E8B /* Resources */ = {
			isa = PBXResourcesBuildPhase;
			buildActionMask = 2147483647;
			files = (
				045637CA22D86CB6008F8E8B /* LaunchScreen.storyboard in Resources */,
				045637C722D86CB6008F8E8B /* Assets.xcassets in Resources */,
				045637C522D86CB5008F8E8B /* Main.storyboard in Resources */,
			);
			runOnlyForDeploymentPostprocessing = 0;
		};
/* End PBXResourcesBuildPhase section */

/* Begin PBXSourcesBuildPhase section */
		045637B622D86CB5008F8E8B /* Sources */ = {
			isa = PBXSourcesBuildPhase;
			buildActionMask = 2147483647;
			files = (
				045637C222D86CB5008F8E8B /* ViewController.m in Sources */,
				045637CD22D86CB6008F8E8B /* main.m in Sources */,
				045637BF22D86CB5008F8E8B /* AppDelegate.m in Sources */,
			);
			runOnlyForDeploymentPostprocessing = 0;
		};
/* End PBXSourcesBuildPhase section */

/* Begin PBXVariantGroup section */
		045637C322D86CB5008F8E8B /* Main.storyboard */ = {
			isa = PBXVariantGroup;
			children = (
				045637C422D86CB5008F8E8B /* Base */,
			);
			name = Main.storyboard;
			sourceTree = "<group>";
		};
		045637C822D86CB6008F8E8B /* LaunchScreen.storyboard */ = {
			isa = PBXVariantGroup;
			children = (
				045637C922D86CB6008F8E8B /* Base */,
			);
			name = LaunchScreen.storyboard;
			sourceTree = "<group>";
		};
/* End PBXVariantGroup section */

/* Begin XCBuildConfiguration section */
		045637CE22D86CB6008F8E8B /* Debug */ = {
			isa = XCBuildConfiguration;
			buildSettings = {
				ALWAYS_SEARCH_USER_PATHS = NO;
				CLANG_ANALYZER_NONNULL = YES;
				CLANG_ANALYZER_NUMBER_OBJECT_CONVERSION = YES_AGGRESSIVE;
				CLANG_CXX_LANGUAGE_STANDARD = "gnu++14";
				CLANG_CXX_LIBRARY = "libc++";
				CLANG_ENABLE_MODULES = YES;
				CLANG_ENABLE_OBJC_ARC = YES;
				CLANG_ENABLE_OBJC_WEAK = YES;
				CLANG_WARN_BLOCK_CAPTURE_AUTORELEASING = YES;
				CLANG_WARN_BOOL_CONVERSION = YES;
				CLANG_WARN_COMMA = YES;
				CLANG_WARN_CONSTANT_CONVERSION = YES;
				CLANG_WARN_DEPRECATED_OBJC_IMPLEMENTATIONS = YES;
				CLANG_WARN_DIRECT_OBJC_ISA_USAGE = YES_ERROR;
				CLANG_WARN_DOCUMENTATION_COMMENTS = YES;
				CLANG_WARN_EMPTY_BODY = YES;
				CLANG_WARN_ENUM_CONVERSION = YES;
				CLANG_WARN_INFINITE_RECURSION = YES;
				CLANG_WARN_INT_CONVERSION = YES;
				CLANG_WARN_NON_LITERAL_NULL_CONVERSION = YES;
				CLANG_WARN_OBJC_IMPLICIT_RETAIN_SELF = YES;
				CLANG_WARN_OBJC_LITERAL_CONVERSION = YES;
				CLANG_WARN_OBJC_ROOT_CLASS = YES_ERROR;
				CLANG_WARN_RANGE_LOOP_ANALYSIS = YES;
				CLANG_WARN_STRICT_PROTOTYPES = YES;
				CLANG_WARN_SUSPICIOUS_MOVE = YES;
				CLANG_WARN_UNGUARDED_AVAILABILITY = YES_AGGRESSIVE;
				CLANG_WARN_UNREACHABLE_CODE = YES;
				CLANG_WARN__DUPLICATE_METHOD_MATCH = YES;
				CODE_SIGN_IDENTITY = "iPhone Developer";
				COPY_PHASE_STRIP = NO;
				DEBUG_INFORMATION_FORMAT = dwarf;
				ENABLE_STRICT_OBJC_MSGSEND = YES;
				ENABLE_TESTABILITY = YES;
				GCC_C_LANGUAGE_STANDARD = gnu11;
				GCC_DYNAMIC_NO_PIC = NO;
				GCC_NO_COMMON_BLOCKS = YES;
				GCC_OPTIMIZATION_LEVEL = 0;
				GCC_PREPROCESSOR_DEFINITIONS = (
					"DEBUG=1",
					"$(inherited)",
				);
				GCC_WARN_64_TO_32_BIT_CONVERSION = YES;
				GCC_WARN_ABOUT_RETURN_TYPE = YES_ERROR;
				GCC_WARN_UNDECLARED_SELECTOR = YES;
				GCC_WARN_UNINITIALIZED_AUTOS = YES_AGGRESSIVE;
				GCC_WARN_UNUSED_FUNCTION = YES;
				GCC_WARN_UNUSED_VARIABLE = YES;
				IPHONEOS_DEPLOYMENT_TARGET = 12.2;
				MTL_ENABLE_DEBUG_INFO = INCLUDE_SOURCE;
				MTL_FAST_MATH = YES;
				ONLY_ACTIVE_ARCH = YES;
				SDKROOT = iphoneos;
			};
			name = Debug;
		};
		045637CF22D86CB6008F8E8B /* Release */ = {
			isa = XCBuildConfiguration;
			buildSettings = {
				ALWAYS_SEARCH_USER_PATHS = NO;
				CLANG_ANALYZER_NONNULL = YES;
				CLANG_ANALYZER_NUMBER_OBJECT_CONVERSION = YES_AGGRESSIVE;
				CLANG_CXX_LANGUAGE_STANDARD = "gnu++14";
				CLANG_CXX_LIBRARY = "libc++";
				CLANG_ENABLE_MODULES = YES;
				CLANG_ENABLE_OBJC_ARC = YES;
				CLANG_ENABLE_OBJC_WEAK = YES;
				CLANG_WARN_BLOCK_CAPTURE_AUTORELEASING = YES;
				CLANG_WARN_BOOL_CONVERSION = YES;
				CLANG_WARN_COMMA = YES;
				CLANG_WARN_CONSTANT_CONVERSION = YES;
				CLANG_WARN_DEPRECATED_OBJC_IMPLEMENTATIONS = YES;
				CLANG_WARN_DIRECT_OBJC_ISA_USAGE = YES_ERROR;
				CLANG_WARN_DOCUMENTATION_COMMENTS = YES;
				CLANG_WARN_EMPTY_BODY = YES;
				CLANG_WARN_ENUM_CONVERSION = YES;
				CLANG_WARN_INFINITE_RECURSION = YES;
				CLANG_WARN_INT_CONVERSION = YES;
				CLANG_WARN_NON_LITERAL_NULL_CONVERSION = YES;
				CLANG_WARN_OBJC_IMPLICIT_RETAIN_SELF = YES;
				CLANG_WARN_OBJC_LITERAL_CONVERSION = YES;
				CLANG_WARN_OBJC_ROOT_CLASS = YES_ERROR;
				CLANG_WARN_RANGE_LOOP_ANALYSIS = YES;
				CLANG_WARN_STRICT_PROTOTYPES = YES;
				CLANG_WARN_SUSPICIOUS_MOVE = YES;
				CLANG_WARN_UNGUARDED_AVAILABILITY = YES_AGGRESSIVE;
				CLANG_WARN_UNREACHABLE_CODE = YES;
				CLANG_WARN__DUPLICATE_METHOD_MATCH = YES;
				CODE_SIGN_IDENTITY = "iPhone Developer";
				COPY_PHASE_STRIP = NO;
				DEBUG_INFORMATION_FORMAT = "dwarf-with-dsym";
				ENABLE_NS_ASSERTIONS = NO;
				ENABLE_STRICT_OBJC_MSGSEND = YES;
				GCC_C_LANGUAGE_STANDARD = gnu11;
				GCC_NO_COMMON_BLOCKS = YES;
				GCC_WARN_64_TO_32_BIT_CONVERSION = YES;
				GCC_WARN_ABOUT_RETURN_TYPE = YES_ERROR;
				GCC_WARN_UNDECLARED_SELECTOR = YES;
				GCC_WARN_UNINITIALIZED_AUTOS = YES_AGGRESSIVE;
				GCC_WARN_UNUSED_FUNCTION = YES;
				GCC_WARN_UNUSED_VARIABLE = YES;
				IPHONEOS_DEPLOYMENT_TARGET = 12.2;
				MTL_ENABLE_DEBUG_INFO = NO;
				MTL_FAST_MATH = YES;
				SDKROOT = iphoneos;
				VALIDATE_PRODUCT = YES;
			};
			name = Release;
		};
		045637D122D86CB6008F8E8B /* Debug */ = {
			isa = XCBuildConfiguration;
			buildSettings = {
				ASSETCATALOG_COMPILER_APPICON_NAME = AppIcon;
				CODE_SIGN_STYLE = Automatic;
				DEVELOPMENT_TEAM = XSP8LJW7DB;
				INFOPLIST_FILE = DocumentPlayer/Info.plist;
				LD_RUNPATH_SEARCH_PATHS = (
					"$(inherited)",
					"@executable_path/Frameworks",
				);
				PRODUCT_BUNDLE_IDENTIFIER = com.huangrui.DocumentPlayer;
				PRODUCT_NAME = "$(TARGET_NAME)";
				TARGETED_DEVICE_FAMILY = "1,2";
			};
			name = Debug;
		};
		045637D222D86CB6008F8E8B /* Release */ = {
			isa = XCBuildConfiguration;
			buildSettings = {
				ASSETCATALOG_COMPILER_APPICON_NAME = AppIcon;
				CODE_SIGN_STYLE = Automatic;
				DEVELOPMENT_TEAM = XSP8LJW7DB;
				INFOPLIST_FILE = DocumentPlayer/Info.plist;
				LD_RUNPATH_SEARCH_PATHS = (
					"$(inherited)",
					"@executable_path/Frameworks",
				);
				PRODUCT_BUNDLE_IDENTIFIER = com.huangrui.DocumentPlayer;
				PRODUCT_NAME = "$(TARGET_NAME)";
				TARGETED_DEVICE_FAMILY = "1,2";
			};
			name = Release;
		};
/* End XCBuildConfiguration section */

/* Begin XCConfigurationList section */
		045637B522D86CB5008F8E8B /* Build configuration list for PBXProject "DocumentPlayer" */ = {
			isa = XCConfigurationList;
			buildConfigurations = (
				045637CE22D86CB6008F8E8B /* Debug */,
				045637CF22D86CB6008F8E8B /* Release */,
			);
			defaultConfigurationIsVisible = 0;
			defaultConfigurationName = Release;
		};
		045637D022D86CB6008F8E8B /* Build configuration list for PBXNativeTarget "DocumentPlayer" */ = {
			isa = XCConfigurationList;
			buildConfigurations = (
				045637D122D86CB6008F8E8B /* Debug */,
				045637D222D86CB6008F8E8B /* Release */,
			);
			defaultConfigurationIsVisible = 0;
			defaultConfigurationName = Release;
		};
/* End XCConfigurationList section */
	};
	rootObject = 045637B222D86CB5008F8E8B /* Project object */;
}
