// !$*UTF8*$!
{
	archiveVersion = 1;
	classes = {
	};
	objectVersion = 50;
	objects = {

/* Begin PBXBuildFile section */
		040908C622E5863100D40DE1 /* FiltersandSortingVC.m in Sources */ = {isa = PBXBuildFile; fileRef = 040908C522E5863100D40DE1 /* FiltersandSortingVC.m */; };
		040908CA22E5868F00D40DE1 /* NSPredicateVC.m in Sources */ = {isa = PBXBuildFile; fileRef = 040908C922E5868F00D40DE1 /* NSPredicateVC.m */; };
		040BB94E22DDC57C002AF92A /* NSNumberVC.m in Sources */ = {isa = PBXBuildFile; fileRef = 040BB94D22DDC57C002AF92A /* NSNumberVC.m */; };
		0426C7A323138F0F00D3C940 /* WebVC.m in Sources */ = {isa = PBXBuildFile; fileRef = 0426C7A223138F0F00D3C940 /* WebVC.m */; };
		0426C7A623138F1E00D3C940 /* DeveloperToolsVC.m in Sources */ = {isa = PBXBuildFile; fileRef = 0426C7A523138F1E00D3C940 /* DeveloperToolsVC.m */; };
		0426C7A923138F2F00D3C940 /* GraphicsandGamesVC.m in Sources */ = {isa = PBXBuildFile; fileRef = 0426C7A823138F2F00D3C940 /* GraphicsandGamesVC.m */; };
		0426C7AD23138F7F00D3C940 /* BundleResourcesVC.m in Sources */ = {isa = PBXBuildFile; fileRef = 0426C7AC23138F7F00D3C940 /* BundleResourcesVC.m */; };
		0426C7B22313CF4500D3C940 /* EntitlementsVC.m in Sources */ = {isa = PBXBuildFile; fileRef = 0426C7B12313CF4500D3C940 /* EntitlementsVC.m */; };
		0426C7B62313CF6000D3C940 /* InformationPropertyListVC.m in Sources */ = {isa = PBXBuildFile; fileRef = 0426C7B52313CF6000D3C940 /* InformationPropertyListVC.m */; };
		0426C7BA2313DC1600D3C940 /* UIView+easyFrame.m in Sources */ = {isa = PBXBuildFile; fileRef = 0426C7B92313DC1600D3C940 /* UIView+easyFrame.m */; };
		042C357B22E6BC9E00FE3546 /* MediaVC.m in Sources */ = {isa = PBXBuildFile; fileRef = 042C357A22E6BC9E00FE3546 /* MediaVC.m */; };
		042C357F22E6BCC000FE3546 /* CoreAudioVC.m in Sources */ = {isa = PBXBuildFile; fileRef = 042C357E22E6BCC000FE3546 /* CoreAudioVC.m */; };
		042C358322E6BDA900FE3546 /* CoreAudioStructuresVC.m in Sources */ = {isa = PBXBuildFile; fileRef = 042C358222E6BDA900FE3546 /* CoreAudioStructuresVC.m */; };
		042C358722E6BDC200FE3546 /* CoreAudioDataTypesVC.m in Sources */ = {isa = PBXBuildFile; fileRef = 042C358622E6BDC200FE3546 /* CoreAudioDataTypesVC.m */; };
		042C358B22E6D4A900FE3546 /* CoreAudioFunctionsVC.m in Sources */ = {isa = PBXBuildFile; fileRef = 042C358A22E6D4A900FE3546 /* CoreAudioFunctionsVC.m */; };
		042C358F22E6D4C300FE3546 /* CoreAudioConstantsVC.m in Sources */ = {isa = PBXBuildFile; fileRef = 042C358E22E6D4C300FE3546 /* CoreAudioConstantsVC.m */; };
		042C359322E6D4FC00FE3546 /* CoreAudioEnumerationsVC.m in Sources */ = {isa = PBXBuildFile; fileRef = 042C359222E6D4FC00FE3546 /* CoreAudioEnumerationsVC.m */; };
		042C359722E6D6B400FE3546 /* CoreAudioKitVC.m in Sources */ = {isa = PBXBuildFile; fileRef = 042C359622E6D6B400FE3546 /* CoreAudioKitVC.m */; };
		042C359F22E6D8DB00FE3546 /* AUViewControllerVC.m in Sources */ = {isa = PBXBuildFile; fileRef = 042C359E22E6D8DB00FE3546 /* AUViewControllerVC.m */; };
		0445D7FF22F825F600F0CBC9 /* SystemVC.m in Sources */ = {isa = PBXBuildFile; fileRef = 0445D7FE22F825F600F0CBC9 /* SystemVC.m */; };
		0449BC1122EBEEC6001A2516 /* UIKitVC.m in Sources */ = {isa = PBXBuildFile; fileRef = 0449BC1022EBEEC6001A2516 /* UIKitVC.m */; };
		045637BF22D86CB5008F8E8B /* AppDelegate.m in Sources */ = {isa = PBXBuildFile; fileRef = 045637BE22D86CB5008F8E8B /* AppDelegate.m */; };
		045637C522D86CB5008F8E8B /* Main.storyboard in Resources */ = {isa = PBXBuildFile; fileRef = 045637C322D86CB5008F8E8B /* Main.storyboard */; };
		045637C722D86CB6008F8E8B /* Assets.xcassets in Resources */ = {isa = PBXBuildFile; fileRef = 045637C622D86CB6008F8E8B /* Assets.xcassets */; };
		045637CD22D86CB6008F8E8B /* main.m in Sources */ = {isa = PBXBuildFile; fileRef = 045637CC22D86CB6008F8E8B /* main.m */; };
		045637D522D86CD2008F8E8B /* DocumentVC.m in Sources */ = {isa = PBXBuildFile; fileRef = 045637D422D86CD2008F8E8B /* DocumentVC.m */; };
		04619D1622EFE1FB007FD182 /* UIDeviceVC.m in Sources */ = {isa = PBXBuildFile; fileRef = 04619D1522EFE1FB007FD182 /* UIDeviceVC.m */; };
		04619D1B22F01CB2007FD182 /* AppStructureVC.m in Sources */ = {isa = PBXBuildFile; fileRef = 04619D1A22F01CB2007FD182 /* AppStructureVC.m */; };
		04619D1F22F01CFE007FD182 /* LifeCycleVC.m in Sources */ = {isa = PBXBuildFile; fileRef = 04619D1E22F01CFE007FD182 /* LifeCycleVC.m */; };
		04619D2322F01D83007FD182 /* DeviceEnvironmentVC.m in Sources */ = {isa = PBXBuildFile; fileRef = 04619D2222F01D83007FD182 /* DeviceEnvironmentVC.m */; };
		04619D2722F01E5E007FD182 /* UIApplicationVC.m in Sources */ = {isa = PBXBuildFile; fileRef = 04619D2622F01E5E007FD182 /* UIApplicationVC.m */; };
		046CF48222D86E5B002C015D /* BaseCellModel.m in Sources */ = {isa = PBXBuildFile; fileRef = 046CF48122D86E5B002C015D /* BaseCellModel.m */; };
		046CF48822D871AA002C015D /* AppFrameworksVC.m in Sources */ = {isa = PBXBuildFile; fileRef = 046CF48722D871AA002C015D /* AppFrameworksVC.m */; };
		046CF48C22D871C3002C015D /* BaseTableVC.m in Sources */ = {isa = PBXBuildFile; fileRef = 046CF48B22D871C3002C015D /* BaseTableVC.m */; };
		046CF48F22D874FB002C015D /* FoundationVC.m in Sources */ = {isa = PBXBuildFile; fileRef = 046CF48E22D874FB002C015D /* FoundationVC.m */; };
		046CF49322D875B8002C015D /* FundamentalsVC.m in Sources */ = {isa = PBXBuildFile; fileRef = 046CF49222D875B8002C015D /* FundamentalsVC.m */; };
		046CF49722D87661002C015D /* NumbersDataandBasicValuesVC.m in Sources */ = {isa = PBXBuildFile; fileRef = 046CF49622D87661002C015D /* NumbersDataandBasicValuesVC.m */; };
		046CF49A22D876B3002C015D /* NumbersVC.m in Sources */ = {isa = PBXBuildFile; fileRef = 046CF49922D876B3002C015D /* NumbersVC.m */; };
		046CF49F22D8775D002C015D /* NSIntegerVC.m in Sources */ = {isa = PBXBuildFile; fileRef = 046CF49E22D8775D002C015D /* NSIntegerVC.m */; };
		046CF4A322D87893002C015D /* NSUIntegerVC.m in Sources */ = {isa = PBXBuildFile; fileRef = 046CF4A222D87893002C015D /* NSUIntegerVC.m */; };
		046CF4A722D8792A002C015D /* NSDecimalVC.m in Sources */ = {isa = PBXBuildFile; fileRef = 046CF4A622D8792A002C015D /* NSDecimalVC.m */; };
		046CF4AB22D9B3C6002C015D /* NSDecimalNumberVC.m in Sources */ = {isa = PBXBuildFile; fileRef = 046CF4AA22D9B3C6002C015D /* NSDecimalNumberVC.m */; };
		046CF4AF22D9C560002C015D /* DecimalNumberBehaviors.m in Sources */ = {isa = PBXBuildFile; fileRef = 046CF4AE22D9C560002C015D /* DecimalNumberBehaviors.m */; };
		04924D0822F143B100922CC1 /* LaunchScreen.storyboard in Resources */ = {isa = PBXBuildFile; fileRef = 04924D0722F143B100922CC1 /* LaunchScreen.storyboard */; };
		0498653122F294F000C532F1 /* AdaptivityVC.m in Sources */ = {isa = PBXBuildFile; fileRef = 0498653022F294F000C532F1 /* AdaptivityVC.m */; };
		0498653522F2954200C532F1 /* UITraitCollectionVC.m in Sources */ = {isa = PBXBuildFile; fileRef = 0498653422F2954200C532F1 /* UITraitCollectionVC.m */; };
		04A213C722F18F28009A21BB /* ChangeAppIconVC.m in Sources */ = {isa = PBXBuildFile; fileRef = 04A213C622F18F28009A21BB /* ChangeAppIconVC.m */; };
		04A213EE22F19FA5009A21BB /* four.png in Resources */ = {isa = PBXBuildFile; fileRef = 04A213EA22F19FA5009A21BB /* four.png */; };
		04A213EF22F19FA5009A21BB /* one.png in Resources */ = {isa = PBXBuildFile; fileRef = 04A213EB22F19FA5009A21BB /* one.png */; };
		04A213F022F19FA5009A21BB /* three.png in Resources */ = {isa = PBXBuildFile; fileRef = 04A213EC22F19FA5009A21BB /* three.png */; };
		04A213F122F19FA5009A21BB /* two.png in Resources */ = {isa = PBXBuildFile; fileRef = 04A213ED22F19FA5009A21BB /* two.png */; };
		04CFB6A822DEACD8006C58FD /* AppServicesVC.m in Sources */ = {isa = PBXBuildFile; fileRef = 04CFB6A722DEACD8006C58FD /* AppServicesVC.m */; };
		04CFB6AB22DEAD40006C58FD /* AddressBookVC.m in Sources */ = {isa = PBXBuildFile; fileRef = 04CFB6AA22DEAD40006C58FD /* AddressBookVC.m */; };
		04CFB6AF22DEADA3006C58FD /* ContactsVC.m in Sources */ = {isa = PBXBuildFile; fileRef = 04CFB6AE22DEADA3006C58FD /* ContactsVC.m */; };
		04FBC78522F8268700877A49 /* CFNetworkVC.m in Sources */ = {isa = PBXBuildFile; fileRef = 04FBC78422F8268700877A49 /* CFNetworkVC.m */; };
		04FBC78922F8277500877A49 /* SystemConfigurationVC.m in Sources */ = {isa = PBXBuildFile; fileRef = 04FBC78822F8277500877A49 /* SystemConfigurationVC.m */; };
/* End PBXBuildFile section */

/* Begin PBXFileReference section */
		040908C422E5863100D40DE1 /* FiltersandSortingVC.h */ = {isa = PBXFileReference; lastKnownFileType = sourcecode.c.h; path = FiltersandSortingVC.h; sourceTree = "<group>"; };
		040908C522E5863100D40DE1 /* FiltersandSortingVC.m */ = {isa = PBXFileReference; lastKnownFileType = sourcecode.c.objc; path = FiltersandSortingVC.m; sourceTree = "<group>"; };
		040908C822E5868F00D40DE1 /* NSPredicateVC.h */ = {isa = PBXFileReference; lastKnownFileType = sourcecode.c.h; path = NSPredicateVC.h; sourceTree = "<group>"; };
		040908C922E5868F00D40DE1 /* NSPredicateVC.m */ = {isa = PBXFileReference; lastKnownFileType = sourcecode.c.objc; path = NSPredicateVC.m; sourceTree = "<group>"; };
		040BB94C22DDC57C002AF92A /* NSNumberVC.h */ = {isa = PBXFileReference; lastKnownFileType = sourcecode.c.h; path = NSNumberVC.h; sourceTree = "<group>"; };
		040BB94D22DDC57C002AF92A /* NSNumberVC.m */ = {isa = PBXFileReference; lastKnownFileType = sourcecode.c.objc; path = NSNumberVC.m; sourceTree = "<group>"; };
		0426C7A123138F0F00D3C940 /* WebVC.h */ = {isa = PBXFileReference; lastKnownFileType = sourcecode.c.h; path = WebVC.h; sourceTree = "<group>"; };
		0426C7A223138F0F00D3C940 /* WebVC.m */ = {isa = PBXFileReference; lastKnownFileType = sourcecode.c.objc; path = WebVC.m; sourceTree = "<group>"; };
		0426C7A423138F1E00D3C940 /* DeveloperToolsVC.h */ = {isa = PBXFileReference; lastKnownFileType = sourcecode.c.h; path = DeveloperToolsVC.h; sourceTree = "<group>"; };
		0426C7A523138F1E00D3C940 /* DeveloperToolsVC.m */ = {isa = PBXFileReference; lastKnownFileType = sourcecode.c.objc; path = DeveloperToolsVC.m; sourceTree = "<group>"; };
		0426C7A723138F2F00D3C940 /* GraphicsandGamesVC.h */ = {isa = PBXFileReference; lastKnownFileType = sourcecode.c.h; path = GraphicsandGamesVC.h; sourceTree = "<group>"; };
		0426C7A823138F2F00D3C940 /* GraphicsandGamesVC.m */ = {isa = PBXFileReference; lastKnownFileType = sourcecode.c.objc; path = GraphicsandGamesVC.m; sourceTree = "<group>"; };
		0426C7AB23138F7F00D3C940 /* BundleResourcesVC.h */ = {isa = PBXFileReference; lastKnownFileType = sourcecode.c.h; path = BundleResourcesVC.h; sourceTree = "<group>"; };
		0426C7AC23138F7F00D3C940 /* BundleResourcesVC.m */ = {isa = PBXFileReference; lastKnownFileType = sourcecode.c.objc; path = BundleResourcesVC.m; sourceTree = "<group>"; };
		0426C7B02313CF4500D3C940 /* EntitlementsVC.h */ = {isa = PBXFileReference; lastKnownFileType = sourcecode.c.h; path = EntitlementsVC.h; sourceTree = "<group>"; };
		0426C7B12313CF4500D3C940 /* EntitlementsVC.m */ = {isa = PBXFileReference; lastKnownFileType = sourcecode.c.objc; path = EntitlementsVC.m; sourceTree = "<group>"; };
		0426C7B42313CF6000D3C940 /* InformationPropertyListVC.h */ = {isa = PBXFileReference; lastKnownFileType = sourcecode.c.h; path = InformationPropertyListVC.h; sourceTree = "<group>"; };
		0426C7B52313CF6000D3C940 /* InformationPropertyListVC.m */ = {isa = PBXFileReference; lastKnownFileType = sourcecode.c.objc; path = InformationPropertyListVC.m; sourceTree = "<group>"; };
		0426C7B82313DC1600D3C940 /* UIView+easyFrame.h */ = {isa = PBXFileReference; lastKnownFileType = sourcecode.c.h; path = "UIView+easyFrame.h"; sourceTree = "<group>"; };
		0426C7B92313DC1600D3C940 /* UIView+easyFrame.m */ = {isa = PBXFileReference; lastKnownFileType = sourcecode.c.objc; path = "UIView+easyFrame.m"; sourceTree = "<group>"; };
		042C357922E6BC9E00FE3546 /* MediaVC.h */ = {isa = PBXFileReference; lastKnownFileType = sourcecode.c.h; path = MediaVC.h; sourceTree = "<group>"; };
		042C357A22E6BC9E00FE3546 /* MediaVC.m */ = {isa = PBXFileReference; lastKnownFileType = sourcecode.c.objc; path = MediaVC.m; sourceTree = "<group>"; };
		042C357D22E6BCC000FE3546 /* CoreAudioVC.h */ = {isa = PBXFileReference; lastKnownFileType = sourcecode.c.h; path = CoreAudioVC.h; sourceTree = "<group>"; };
		042C357E22E6BCC000FE3546 /* CoreAudioVC.m */ = {isa = PBXFileReference; lastKnownFileType = sourcecode.c.objc; path = CoreAudioVC.m; sourceTree = "<group>"; };
		042C358122E6BDA900FE3546 /* CoreAudioStructuresVC.h */ = {isa = PBXFileReference; lastKnownFileType = sourcecode.c.h; path = CoreAudioStructuresVC.h; sourceTree = "<group>"; };
		042C358222E6BDA900FE3546 /* CoreAudioStructuresVC.m */ = {isa = PBXFileReference; lastKnownFileType = sourcecode.c.objc; path = CoreAudioStructuresVC.m; sourceTree = "<group>"; };
		042C358522E6BDC200FE3546 /* CoreAudioDataTypesVC.h */ = {isa = PBXFileReference; lastKnownFileType = sourcecode.c.h; path = CoreAudioDataTypesVC.h; sourceTree = "<group>"; };
		042C358622E6BDC200FE3546 /* CoreAudioDataTypesVC.m */ = {isa = PBXFileReference; lastKnownFileType = sourcecode.c.objc; path = CoreAudioDataTypesVC.m; sourceTree = "<group>"; };
		042C358922E6D4A900FE3546 /* CoreAudioFunctionsVC.h */ = {isa = PBXFileReference; lastKnownFileType = sourcecode.c.h; path = CoreAudioFunctionsVC.h; sourceTree = "<group>"; };
		042C358A22E6D4A900FE3546 /* CoreAudioFunctionsVC.m */ = {isa = PBXFileReference; lastKnownFileType = sourcecode.c.objc; path = CoreAudioFunctionsVC.m; sourceTree = "<group>"; };
		042C358D22E6D4C300FE3546 /* CoreAudioConstantsVC.h */ = {isa = PBXFileReference; lastKnownFileType = sourcecode.c.h; path = CoreAudioConstantsVC.h; sourceTree = "<group>"; };
		042C358E22E6D4C300FE3546 /* CoreAudioConstantsVC.m */ = {isa = PBXFileReference; lastKnownFileType = sourcecode.c.objc; path = CoreAudioConstantsVC.m; sourceTree = "<group>"; };
		042C359122E6D4FC00FE3546 /* CoreAudioEnumerationsVC.h */ = {isa = PBXFileReference; lastKnownFileType = sourcecode.c.h; path = CoreAudioEnumerationsVC.h; sourceTree = "<group>"; };
		042C359222E6D4FC00FE3546 /* CoreAudioEnumerationsVC.m */ = {isa = PBXFileReference; lastKnownFileType = sourcecode.c.objc; path = CoreAudioEnumerationsVC.m; sourceTree = "<group>"; };
		042C359522E6D6B400FE3546 /* CoreAudioKitVC.h */ = {isa = PBXFileReference; lastKnownFileType = sourcecode.c.h; path = CoreAudioKitVC.h; sourceTree = "<group>"; };
		042C359622E6D6B400FE3546 /* CoreAudioKitVC.m */ = {isa = PBXFileReference; lastKnownFileType = sourcecode.c.objc; path = CoreAudioKitVC.m; sourceTree = "<group>"; };
		042C359D22E6D8DB00FE3546 /* AUViewControllerVC.h */ = {isa = PBXFileReference; lastKnownFileType = sourcecode.c.h; path = AUViewControllerVC.h; sourceTree = "<group>"; };
		042C359E22E6D8DB00FE3546 /* AUViewControllerVC.m */ = {isa = PBXFileReference; lastKnownFileType = sourcecode.c.objc; path = AUViewControllerVC.m; sourceTree = "<group>"; };
		0445D7FD22F825F600F0CBC9 /* SystemVC.h */ = {isa = PBXFileReference; lastKnownFileType = sourcecode.c.h; path = SystemVC.h; sourceTree = "<group>"; };
		0445D7FE22F825F600F0CBC9 /* SystemVC.m */ = {isa = PBXFileReference; lastKnownFileType = sourcecode.c.objc; path = SystemVC.m; sourceTree = "<group>"; };
		0449BC0F22EBEEC6001A2516 /* UIKitVC.h */ = {isa = PBXFileReference; lastKnownFileType = sourcecode.c.h; path = UIKitVC.h; sourceTree = "<group>"; };
		0449BC1022EBEEC6001A2516 /* UIKitVC.m */ = {isa = PBXFileReference; lastKnownFileType = sourcecode.c.objc; path = UIKitVC.m; sourceTree = "<group>"; };
		045637BA22D86CB5008F8E8B /* DocumentPlayer.app */ = {isa = PBXFileReference; explicitFileType = wrapper.application; includeInIndex = 0; path = DocumentPlayer.app; sourceTree = BUILT_PRODUCTS_DIR; };
		045637BD22D86CB5008F8E8B /* AppDelegate.h */ = {isa = PBXFileReference; lastKnownFileType = sourcecode.c.h; path = AppDelegate.h; sourceTree = "<group>"; };
		045637BE22D86CB5008F8E8B /* AppDelegate.m */ = {isa = PBXFileReference; lastKnownFileType = sourcecode.c.objc; path = AppDelegate.m; sourceTree = "<group>"; };
		045637C422D86CB5008F8E8B /* Base */ = {isa = PBXFileReference; lastKnownFileType = file.storyboard; name = Base; path = Base.lproj/Main.storyboard; sourceTree = "<group>"; };
		045637C622D86CB6008F8E8B /* Assets.xcassets */ = {isa = PBXFileReference; lastKnownFileType = folder.assetcatalog; path = Assets.xcassets; sourceTree = "<group>"; };
		045637CB22D86CB6008F8E8B /* Info.plist */ = {isa = PBXFileReference; lastKnownFileType = text.plist.xml; path = Info.plist; sourceTree = "<group>"; };
		045637CC22D86CB6008F8E8B /* main.m */ = {isa = PBXFileReference; lastKnownFileType = sourcecode.c.objc; path = main.m; sourceTree = "<group>"; };
		045637D322D86CD2008F8E8B /* DocumentVC.h */ = {isa = PBXFileReference; lastKnownFileType = sourcecode.c.h; path = DocumentVC.h; sourceTree = "<group>"; };
		045637D422D86CD2008F8E8B /* DocumentVC.m */ = {isa = PBXFileReference; lastKnownFileType = sourcecode.c.objc; path = DocumentVC.m; sourceTree = "<group>"; };
		04619D1422EFE1FB007FD182 /* UIDeviceVC.h */ = {isa = PBXFileReference; lastKnownFileType = sourcecode.c.h; path = UIDeviceVC.h; sourceTree = "<group>"; };
		04619D1522EFE1FB007FD182 /* UIDeviceVC.m */ = {isa = PBXFileReference; lastKnownFileType = sourcecode.c.objc; path = UIDeviceVC.m; sourceTree = "<group>"; };
		04619D1922F01CB2007FD182 /* AppStructureVC.h */ = {isa = PBXFileReference; lastKnownFileType = sourcecode.c.h; path = AppStructureVC.h; sourceTree = "<group>"; };
		04619D1A22F01CB2007FD182 /* AppStructureVC.m */ = {isa = PBXFileReference; lastKnownFileType = sourcecode.c.objc; path = AppStructureVC.m; sourceTree = "<group>"; };
		04619D1D22F01CFE007FD182 /* LifeCycleVC.h */ = {isa = PBXFileReference; lastKnownFileType = sourcecode.c.h; path = LifeCycleVC.h; sourceTree = "<group>"; };
		04619D1E22F01CFE007FD182 /* LifeCycleVC.m */ = {isa = PBXFileReference; lastKnownFileType = sourcecode.c.objc; path = LifeCycleVC.m; sourceTree = "<group>"; };
		04619D2122F01D83007FD182 /* DeviceEnvironmentVC.h */ = {isa = PBXFileReference; lastKnownFileType = sourcecode.c.h; path = DeviceEnvironmentVC.h; sourceTree = "<group>"; };
		04619D2222F01D83007FD182 /* DeviceEnvironmentVC.m */ = {isa = PBXFileReference; lastKnownFileType = sourcecode.c.objc; path = DeviceEnvironmentVC.m; sourceTree = "<group>"; };
		04619D2522F01E5E007FD182 /* UIApplicationVC.h */ = {isa = PBXFileReference; lastKnownFileType = sourcecode.c.h; path = UIApplicationVC.h; sourceTree = "<group>"; };
		04619D2622F01E5E007FD182 /* UIApplicationVC.m */ = {isa = PBXFileReference; lastKnownFileType = sourcecode.c.objc; path = UIApplicationVC.m; sourceTree = "<group>"; };
		046CF48022D86E5B002C015D /* BaseCellModel.h */ = {isa = PBXFileReference; lastKnownFileType = sourcecode.c.h; path = BaseCellModel.h; sourceTree = "<group>"; };
		046CF48122D86E5B002C015D /* BaseCellModel.m */ = {isa = PBXFileReference; lastKnownFileType = sourcecode.c.objc; path = BaseCellModel.m; sourceTree = "<group>"; };
		046CF48322D86EDB002C015D /* PrefixHeader.pch */ = {isa = PBXFileReference; lastKnownFileType = sourcecode.c.h; path = PrefixHeader.pch; sourceTree = "<group>"; };
		046CF48622D871AA002C015D /* AppFrameworksVC.h */ = {isa = PBXFileReference; lastKnownFileType = sourcecode.c.h; path = AppFrameworksVC.h; sourceTree = "<group>"; };
		046CF48722D871AA002C015D /* AppFrameworksVC.m */ = {isa = PBXFileReference; lastKnownFileType = sourcecode.c.objc; path = AppFrameworksVC.m; sourceTree = "<group>"; };
		046CF48A22D871C3002C015D /* BaseTableVC.h */ = {isa = PBXFileReference; lastKnownFileType = sourcecode.c.h; path = BaseTableVC.h; sourceTree = "<group>"; };
		046CF48B22D871C3002C015D /* BaseTableVC.m */ = {isa = PBXFileReference; lastKnownFileType = sourcecode.c.objc; path = BaseTableVC.m; sourceTree = "<group>"; };
		046CF48D22D874FB002C015D /* FoundationVC.h */ = {isa = PBXFileReference; lastKnownFileType = sourcecode.c.h; path = FoundationVC.h; sourceTree = "<group>"; };
		046CF48E22D874FB002C015D /* FoundationVC.m */ = {isa = PBXFileReference; lastKnownFileType = sourcecode.c.objc; path = FoundationVC.m; sourceTree = "<group>"; };
		046CF49122D875B8002C015D /* FundamentalsVC.h */ = {isa = PBXFileReference; lastKnownFileType = sourcecode.c.h; path = FundamentalsVC.h; sourceTree = "<group>"; };
		046CF49222D875B8002C015D /* FundamentalsVC.m */ = {isa = PBXFileReference; lastKnownFileType = sourcecode.c.objc; path = FundamentalsVC.m; sourceTree = "<group>"; };
		046CF49522D87661002C015D /* NumbersDataandBasicValuesVC.h */ = {isa = PBXFileReference; lastKnownFileType = sourcecode.c.h; path = NumbersDataandBasicValuesVC.h; sourceTree = "<group>"; };
		046CF49622D87661002C015D /* NumbersDataandBasicValuesVC.m */ = {isa = PBXFileReference; lastKnownFileType = sourcecode.c.objc; path = NumbersDataandBasicValuesVC.m; sourceTree = "<group>"; };
		046CF49822D876B3002C015D /* NumbersVC.h */ = {isa = PBXFileReference; lastKnownFileType = sourcecode.c.h; path = NumbersVC.h; sourceTree = "<group>"; };
		046CF49922D876B3002C015D /* NumbersVC.m */ = {isa = PBXFileReference; lastKnownFileType = sourcecode.c.objc; path = NumbersVC.m; sourceTree = "<group>"; };
		046CF49D22D8775D002C015D /* NSIntegerVC.h */ = {isa = PBXFileReference; lastKnownFileType = sourcecode.c.h; path = NSIntegerVC.h; sourceTree = "<group>"; };
		046CF49E22D8775D002C015D /* NSIntegerVC.m */ = {isa = PBXFileReference; lastKnownFileType = sourcecode.c.objc; path = NSIntegerVC.m; sourceTree = "<group>"; };
		046CF4A122D87893002C015D /* NSUIntegerVC.h */ = {isa = PBXFileReference; lastKnownFileType = sourcecode.c.h; path = NSUIntegerVC.h; sourceTree = "<group>"; };
		046CF4A222D87893002C015D /* NSUIntegerVC.m */ = {isa = PBXFileReference; lastKnownFileType = sourcecode.c.objc; path = NSUIntegerVC.m; sourceTree = "<group>"; };
		046CF4A522D8792A002C015D /* NSDecimalVC.h */ = {isa = PBXFileReference; lastKnownFileType = sourcecode.c.h; path = NSDecimalVC.h; sourceTree = "<group>"; };
		046CF4A622D8792A002C015D /* NSDecimalVC.m */ = {isa = PBXFileReference; lastKnownFileType = sourcecode.c.objc; path = NSDecimalVC.m; sourceTree = "<group>"; };
		046CF4A922D9B3C6002C015D /* NSDecimalNumberVC.h */ = {isa = PBXFileReference; lastKnownFileType = sourcecode.c.h; path = NSDecimalNumberVC.h; sourceTree = "<group>"; };
		046CF4AA22D9B3C6002C015D /* NSDecimalNumberVC.m */ = {isa = PBXFileReference; lastKnownFileType = sourcecode.c.objc; path = NSDecimalNumberVC.m; sourceTree = "<group>"; };
		046CF4AD22D9C560002C015D /* DecimalNumberBehaviors.h */ = {isa = PBXFileReference; lastKnownFileType = sourcecode.c.h; path = DecimalNumberBehaviors.h; sourceTree = "<group>"; };
		046CF4AE22D9C560002C015D /* DecimalNumberBehaviors.m */ = {isa = PBXFileReference; lastKnownFileType = sourcecode.c.objc; path = DecimalNumberBehaviors.m; sourceTree = "<group>"; };
		04924D0722F143B100922CC1 /* LaunchScreen.storyboard */ = {isa = PBXFileReference; lastKnownFileType = file.storyboard; path = LaunchScreen.storyboard; sourceTree = "<group>"; };
		0498652F22F294F000C532F1 /* AdaptivityVC.h */ = {isa = PBXFileReference; lastKnownFileType = sourcecode.c.h; path = AdaptivityVC.h; sourceTree = "<group>"; };
		0498653022F294F000C532F1 /* AdaptivityVC.m */ = {isa = PBXFileReference; lastKnownFileType = sourcecode.c.objc; path = AdaptivityVC.m; sourceTree = "<group>"; };
		0498653322F2954200C532F1 /* UITraitCollectionVC.h */ = {isa = PBXFileReference; lastKnownFileType = sourcecode.c.h; path = UITraitCollectionVC.h; sourceTree = "<group>"; };
		0498653422F2954200C532F1 /* UITraitCollectionVC.m */ = {isa = PBXFileReference; lastKnownFileType = sourcecode.c.objc; path = UITraitCollectionVC.m; sourceTree = "<group>"; };
		04A213C522F18F28009A21BB /* ChangeAppIconVC.h */ = {isa = PBXFileReference; lastKnownFileType = sourcecode.c.h; path = ChangeAppIconVC.h; sourceTree = "<group>"; };
		04A213C622F18F28009A21BB /* ChangeAppIconVC.m */ = {isa = PBXFileReference; lastKnownFileType = sourcecode.c.objc; path = ChangeAppIconVC.m; sourceTree = "<group>"; };
		04A213EA22F19FA5009A21BB /* four.png */ = {isa = PBXFileReference; lastKnownFileType = image.png; path = four.png; sourceTree = "<group>"; };
		04A213EB22F19FA5009A21BB /* one.png */ = {isa = PBXFileReference; lastKnownFileType = image.png; path = one.png; sourceTree = "<group>"; };
		04A213EC22F19FA5009A21BB /* three.png */ = {isa = PBXFileReference; lastKnownFileType = image.png; path = three.png; sourceTree = "<group>"; };
		04A213ED22F19FA5009A21BB /* two.png */ = {isa = PBXFileReference; lastKnownFileType = image.png; path = two.png; sourceTree = "<group>"; };
		04CFB6A622DEACD8006C58FD /* AppServicesVC.h */ = {isa = PBXFileReference; lastKnownFileType = sourcecode.c.h; path = AppServicesVC.h; sourceTree = "<group>"; };
		04CFB6A722DEACD8006C58FD /* AppServicesVC.m */ = {isa = PBXFileReference; lastKnownFileType = sourcecode.c.objc; path = AppServicesVC.m; sourceTree = "<group>"; };
		04CFB6A922DEAD40006C58FD /* AddressBookVC.h */ = {isa = PBXFileReference; lastKnownFileType = sourcecode.c.h; path = AddressBookVC.h; sourceTree = "<group>"; };
		04CFB6AA22DEAD40006C58FD /* AddressBookVC.m */ = {isa = PBXFileReference; lastKnownFileType = sourcecode.c.objc; path = AddressBookVC.m; sourceTree = "<group>"; };
		04CFB6AD22DEADA3006C58FD /* ContactsVC.h */ = {isa = PBXFileReference; lastKnownFileType = sourcecode.c.h; path = ContactsVC.h; sourceTree = "<group>"; };
		04CFB6AE22DEADA3006C58FD /* ContactsVC.m */ = {isa = PBXFileReference; lastKnownFileType = sourcecode.c.objc; path = ContactsVC.m; sourceTree = "<group>"; };
		04F228F022F835320002DB7F /* DocumentPlayer.entitlements */ = {isa = PBXFileReference; lastKnownFileType = text.plist.entitlements; path = DocumentPlayer.entitlements; sourceTree = "<group>"; };
		04FBC78322F8268700877A49 /* CFNetworkVC.h */ = {isa = PBXFileReference; lastKnownFileType = sourcecode.c.h; path = CFNetworkVC.h; sourceTree = "<group>"; };
		04FBC78422F8268700877A49 /* CFNetworkVC.m */ = {isa = PBXFileReference; lastKnownFileType = sourcecode.c.objc; path = CFNetworkVC.m; sourceTree = "<group>"; };
		04FBC78722F8277500877A49 /* SystemConfigurationVC.h */ = {isa = PBXFileReference; lastKnownFileType = sourcecode.c.h; path = SystemConfigurationVC.h; sourceTree = "<group>"; };
		04FBC78822F8277500877A49 /* SystemConfigurationVC.m */ = {isa = PBXFileReference; lastKnownFileType = sourcecode.c.objc; path = SystemConfigurationVC.m; sourceTree = "<group>"; };
/* End PBXFileReference section */

/* Begin PBXFrameworksBuildPhase section */
		045637B722D86CB5008F8E8B /* Frameworks */ = {
			isa = PBXFrameworksBuildPhase;
			buildActionMask = 2147483647;
			files = (
			);
			runOnlyForDeploymentPostprocessing = 0;
		};
/* End PBXFrameworksBuildPhase section */

/* Begin PBXGroup section */
		040908C322E5861100D40DE1 /* FiltersandSorting */ = {
			isa = PBXGroup;
			children = (
				040908C722E5864900D40DE1 /* NSPredicate */,
				040908C422E5863100D40DE1 /* FiltersandSortingVC.h */,
				040908C522E5863100D40DE1 /* FiltersandSortingVC.m */,
			);
			path = FiltersandSorting;
			sourceTree = "<group>";
		};
		040908C722E5864900D40DE1 /* NSPredicate */ = {
			isa = PBXGroup;
			children = (
				040908C822E5868F00D40DE1 /* NSPredicateVC.h */,
				040908C922E5868F00D40DE1 /* NSPredicateVC.m */,
			);
			path = NSPredicate;
			sourceTree = "<group>";
		};
		040BB94B22DDC51E002AF92A /* NSNumber */ = {
			isa = PBXGroup;
			children = (
				040BB94C22DDC57C002AF92A /* NSNumberVC.h */,
				040BB94D22DDC57C002AF92A /* NSNumberVC.m */,
			);
			path = NSNumber;
			sourceTree = "<group>";
		};
		0426C79E23138EC400D3C940 /* Web */ = {
			isa = PBXGroup;
			children = (
				0426C7A123138F0F00D3C940 /* WebVC.h */,
				0426C7A223138F0F00D3C940 /* WebVC.m */,
			);
			path = Web;
			sourceTree = "<group>";
		};
		0426C79F23138EC800D3C940 /* DeveloperTools */ = {
			isa = PBXGroup;
			children = (
				0426C7A423138F1E00D3C940 /* DeveloperToolsVC.h */,
				0426C7A523138F1E00D3C940 /* DeveloperToolsVC.m */,
			);
			path = DeveloperTools;
			sourceTree = "<group>";
		};
		0426C7A023138EE500D3C940 /* GraphicsandGames */ = {
			isa = PBXGroup;
			children = (
				0426C7A723138F2F00D3C940 /* GraphicsandGamesVC.h */,
				0426C7A823138F2F00D3C940 /* GraphicsandGamesVC.m */,
			);
			path = GraphicsandGames;
			sourceTree = "<group>";
		};
		0426C7AA23138F6D00D3C940 /* BundleResources */ = {
			isa = PBXGroup;
			children = (
				0426C7AF2313CF3500D3C940 /* Entitlements */,
				0426C7B32313CF4B00D3C940 /* InformationPropertyList */,
				0426C7AB23138F7F00D3C940 /* BundleResourcesVC.h */,
				0426C7AC23138F7F00D3C940 /* BundleResourcesVC.m */,
			);
			path = BundleResources;
			sourceTree = "<group>";
		};
		0426C7AF2313CF3500D3C940 /* Entitlements */ = {
			isa = PBXGroup;
			children = (
				0426C7B02313CF4500D3C940 /* EntitlementsVC.h */,
				0426C7B12313CF4500D3C940 /* EntitlementsVC.m */,
			);
			path = Entitlements;
			sourceTree = "<group>";
		};
		0426C7B32313CF4B00D3C940 /* InformationPropertyList */ = {
			isa = PBXGroup;
			children = (
				0426C7B42313CF6000D3C940 /* InformationPropertyListVC.h */,
				0426C7B52313CF6000D3C940 /* InformationPropertyListVC.m */,
			);
			path = InformationPropertyList;
			sourceTree = "<group>";
		};
		0426C7B72313DC0200D3C940 /* Category */ = {
			isa = PBXGroup;
			children = (
				0426C7B82313DC1600D3C940 /* UIView+easyFrame.h */,
				0426C7B92313DC1600D3C940 /* UIView+easyFrame.m */,
			);
			path = Category;
			sourceTree = "<group>";
		};
		042C357822E6BC8800FE3546 /* Media */ = {
			isa = PBXGroup;
			children = (
				042C357C22E6BCB000FE3546 /* CoreAudio */,
				042C359422E6D6A300FE3546 /* CoreAudioKit */,
				042C357922E6BC9E00FE3546 /* MediaVC.h */,
				042C357A22E6BC9E00FE3546 /* MediaVC.m */,
			);
			path = Media;
			sourceTree = "<group>";
		};
		042C357C22E6BCB000FE3546 /* CoreAudio */ = {
			isa = PBXGroup;
			children = (
				042C358022E6BD9900FE3546 /* CoreAudioStructures */,
				042C358422E6BDB000FE3546 /* CoreAudioDataTypes */,
				042C358822E6D49C00FE3546 /* CoreAudioFunctions */,
				042C358C22E6D4B200FE3546 /* CoreAudioConstants */,
				042C359022E6D4EC00FE3546 /* CoreAudioEnumerations */,
				042C357D22E6BCC000FE3546 /* CoreAudioVC.h */,
				042C357E22E6BCC000FE3546 /* CoreAudioVC.m */,
			);
			path = CoreAudio;
			sourceTree = "<group>";
		};
		042C358022E6BD9900FE3546 /* CoreAudioStructures */ = {
			isa = PBXGroup;
			children = (
				042C358122E6BDA900FE3546 /* CoreAudioStructuresVC.h */,
				042C358222E6BDA900FE3546 /* CoreAudioStructuresVC.m */,
			);
			path = CoreAudioStructures;
			sourceTree = "<group>";
		};
		042C358422E6BDB000FE3546 /* CoreAudioDataTypes */ = {
			isa = PBXGroup;
			children = (
				042C358522E6BDC200FE3546 /* CoreAudioDataTypesVC.h */,
				042C358622E6BDC200FE3546 /* CoreAudioDataTypesVC.m */,
			);
			path = CoreAudioDataTypes;
			sourceTree = "<group>";
		};
		042C358822E6D49C00FE3546 /* CoreAudioFunctions */ = {
			isa = PBXGroup;
			children = (
				042C358922E6D4A900FE3546 /* CoreAudioFunctionsVC.h */,
				042C358A22E6D4A900FE3546 /* CoreAudioFunctionsVC.m */,
			);
			path = CoreAudioFunctions;
			sourceTree = "<group>";
		};
		042C358C22E6D4B200FE3546 /* CoreAudioConstants */ = {
			isa = PBXGroup;
			children = (
				042C358D22E6D4C300FE3546 /* CoreAudioConstantsVC.h */,
				042C358E22E6D4C300FE3546 /* CoreAudioConstantsVC.m */,
			);
			path = CoreAudioConstants;
			sourceTree = "<group>";
		};
		042C359022E6D4EC00FE3546 /* CoreAudioEnumerations */ = {
			isa = PBXGroup;
			children = (
				042C359122E6D4FC00FE3546 /* CoreAudioEnumerationsVC.h */,
				042C359222E6D4FC00FE3546 /* CoreAudioEnumerationsVC.m */,
			);
			path = CoreAudioEnumerations;
			sourceTree = "<group>";
		};
		042C359422E6D6A300FE3546 /* CoreAudioKit */ = {
			isa = PBXGroup;
			children = (
				042C359C22E6D7BF00FE3546 /* AUViewController */,
				042C359522E6D6B400FE3546 /* CoreAudioKitVC.h */,
				042C359622E6D6B400FE3546 /* CoreAudioKitVC.m */,
			);
			path = CoreAudioKit;
			sourceTree = "<group>";
		};
		042C359C22E6D7BF00FE3546 /* AUViewController */ = {
			isa = PBXGroup;
			children = (
				042C359D22E6D8DB00FE3546 /* AUViewControllerVC.h */,
				042C359E22E6D8DB00FE3546 /* AUViewControllerVC.m */,
			);
			path = AUViewController;
			sourceTree = "<group>";
		};
		0445D7FC22F825E500F0CBC9 /* System */ = {
			isa = PBXGroup;
			children = (
				04FBC78222F8267800877A49 /* CFNetwork */,
				04FBC78622F8275F00877A49 /* SystemConfiguration */,
				0445D7FD22F825F600F0CBC9 /* SystemVC.h */,
				0445D7FE22F825F600F0CBC9 /* SystemVC.m */,
			);
			path = System;
			sourceTree = "<group>";
		};
		0449BC0E22EBEEB6001A2516 /* UIKit */ = {
			isa = PBXGroup;
			children = (
				04619D1822F01C9D007FD182 /* AppStructure */,
				0449BC0F22EBEEC6001A2516 /* UIKitVC.h */,
				0449BC1022EBEEC6001A2516 /* UIKitVC.m */,
			);
			path = UIKit;
			sourceTree = "<group>";
		};
		045637B122D86CB5008F8E8B = {
			isa = PBXGroup;
			children = (
				045637BC22D86CB5008F8E8B /* DocumentPlayer */,
				045637BB22D86CB5008F8E8B /* Products */,
			);
			sourceTree = "<group>";
		};
		045637BB22D86CB5008F8E8B /* Products */ = {
			isa = PBXGroup;
			children = (
				045637BA22D86CB5008F8E8B /* DocumentPlayer.app */,
			);
			name = Products;
			sourceTree = "<group>";
		};
		045637BC22D86CB5008F8E8B /* DocumentPlayer */ = {
			isa = PBXGroup;
			children = (
				046CF48422D8716F002C015D /* AppFrameworks */,
				0426C7A023138EE500D3C940 /* GraphicsandGames */,
				04CFB6A422DEACB1006C58FD /* AppServices */,
				042C357822E6BC8800FE3546 /* Media */,
				0426C79E23138EC400D3C940 /* Web */,
				0426C79F23138EC800D3C940 /* DeveloperTools */,
				0445D7FC22F825E500F0CBC9 /* System */,
				04F228F022F835320002DB7F /* DocumentPlayer.entitlements */,
				046CF47E22D86E3E002C015D /* Base */,
				0426C7B72313DC0200D3C940 /* Category */,
				045637BD22D86CB5008F8E8B /* AppDelegate.h */,
				045637BE22D86CB5008F8E8B /* AppDelegate.m */,
				045637D322D86CD2008F8E8B /* DocumentVC.h */,
				045637D422D86CD2008F8E8B /* DocumentVC.m */,
				045637C322D86CB5008F8E8B /* Main.storyboard */,
				04924D0722F143B100922CC1 /* LaunchScreen.storyboard */,
				045637C622D86CB6008F8E8B /* Assets.xcassets */,
				045637CB22D86CB6008F8E8B /* Info.plist */,
				045637CC22D86CB6008F8E8B /* main.m */,
				046CF48322D86EDB002C015D /* PrefixHeader.pch */,
			);
			path = DocumentPlayer;
			sourceTree = "<group>";
		};
		04619D1322EFE1EA007FD182 /* UIDevice */ = {
			isa = PBXGroup;
			children = (
				04619D1422EFE1FB007FD182 /* UIDeviceVC.h */,
				04619D1522EFE1FB007FD182 /* UIDeviceVC.m */,
			);
			path = UIDevice;
			sourceTree = "<group>";
		};
		04619D1822F01C9D007FD182 /* AppStructure */ = {
			isa = PBXGroup;
			children = (
				04619D1C22F01CEB007FD182 /* LifeCycle */,
				04619D2022F01D09007FD182 /* DeviceEnvironment */,
				0498652E22F294C700C532F1 /* Adaptivity */,
				04619D1922F01CB2007FD182 /* AppStructureVC.h */,
				04619D1A22F01CB2007FD182 /* AppStructureVC.m */,
			);
			path = AppStructure;
			sourceTree = "<group>";
		};
		04619D1C22F01CEB007FD182 /* LifeCycle */ = {
			isa = PBXGroup;
			children = (
				04619D2422F01E4D007FD182 /* UIApplication */,
				04619D1D22F01CFE007FD182 /* LifeCycleVC.h */,
				04619D1E22F01CFE007FD182 /* LifeCycleVC.m */,
			);
			path = LifeCycle;
			sourceTree = "<group>";
		};
		04619D2022F01D09007FD182 /* DeviceEnvironment */ = {
			isa = PBXGroup;
			children = (
				04619D1322EFE1EA007FD182 /* UIDevice */,
				04619D2122F01D83007FD182 /* DeviceEnvironmentVC.h */,
				04619D2222F01D83007FD182 /* DeviceEnvironmentVC.m */,
			);
			path = DeviceEnvironment;
			sourceTree = "<group>";
		};
		04619D2422F01E4D007FD182 /* UIApplication */ = {
			isa = PBXGroup;
			children = (
				04A213C422F18F14009A21BB /* ChnageAppIcon */,
				04619D2522F01E5E007FD182 /* UIApplicationVC.h */,
				04619D2622F01E5E007FD182 /* UIApplicationVC.m */,
			);
			path = UIApplication;
			sourceTree = "<group>";
		};
		046CF47E22D86E3E002C015D /* Base */ = {
			isa = PBXGroup;
			children = (
				046CF48922D871B2002C015D /* Controller */,
				046CF47F22D86E45002C015D /* Model */,
			);
			path = Base;
			sourceTree = "<group>";
		};
		046CF47F22D86E45002C015D /* Model */ = {
			isa = PBXGroup;
			children = (
				046CF48022D86E5B002C015D /* BaseCellModel.h */,
				046CF48122D86E5B002C015D /* BaseCellModel.m */,
			);
			path = Model;
			sourceTree = "<group>";
		};
		046CF48422D8716F002C015D /* AppFrameworks */ = {
			isa = PBXGroup;
			children = (
				0426C7AA23138F6D00D3C940 /* BundleResources */,
				046CF48522D87195002C015D /* Foundation */,
				0449BC0E22EBEEB6001A2516 /* UIKit */,
				046CF48622D871AA002C015D /* AppFrameworksVC.h */,
				046CF48722D871AA002C015D /* AppFrameworksVC.m */,
			);
			path = AppFrameworks;
			sourceTree = "<group>";
		};
		046CF48522D87195002C015D /* Foundation */ = {
			isa = PBXGroup;
			children = (
				046CF49022D8759D002C015D /* Fundamentals */,
				046CF48D22D874FB002C015D /* FoundationVC.h */,
				046CF48E22D874FB002C015D /* FoundationVC.m */,
			);
			path = Foundation;
			sourceTree = "<group>";
		};
		046CF48922D871B2002C015D /* Controller */ = {
			isa = PBXGroup;
			children = (
				046CF48A22D871C3002C015D /* BaseTableVC.h */,
				046CF48B22D871C3002C015D /* BaseTableVC.m */,
			);
			path = Controller;
			sourceTree = "<group>";
		};
		046CF49022D8759D002C015D /* Fundamentals */ = {
			isa = PBXGroup;
			children = (
				046CF49422D87642002C015D /* NumbersDataandBasicValues */,
				040908C322E5861100D40DE1 /* FiltersandSorting */,
				046CF49122D875B8002C015D /* FundamentalsVC.h */,
				046CF49222D875B8002C015D /* FundamentalsVC.m */,
			);
			path = Fundamentals;
			sourceTree = "<group>";
		};
		046CF49422D87642002C015D /* NumbersDataandBasicValues */ = {
			isa = PBXGroup;
			children = (
				046CF49B22D876BA002C015D /* Numbers */,
				046CF49522D87661002C015D /* NumbersDataandBasicValuesVC.h */,
				046CF49622D87661002C015D /* NumbersDataandBasicValuesVC.m */,
			);
			path = NumbersDataandBasicValues;
			sourceTree = "<group>";
		};
		046CF49B22D876BA002C015D /* Numbers */ = {
			isa = PBXGroup;
			children = (
				046CF49C22D8774F002C015D /* NSInteger */,
				046CF4A022D87887002C015D /* NSUIntegerVC */,
				046CF4A422D8791B002C015D /* NSDecimal */,
				046CF4A822D9B3A7002C015D /* NSDecimalNumber */,
				040BB94B22DDC51E002AF92A /* NSNumber */,
				046CF49822D876B3002C015D /* NumbersVC.h */,
				046CF49922D876B3002C015D /* NumbersVC.m */,
			);
			path = Numbers;
			sourceTree = "<group>";
		};
		046CF49C22D8774F002C015D /* NSInteger */ = {
			isa = PBXGroup;
			children = (
				046CF49D22D8775D002C015D /* NSIntegerVC.h */,
				046CF49E22D8775D002C015D /* NSIntegerVC.m */,
			);
			path = NSInteger;
			sourceTree = "<group>";
		};
		046CF4A022D87887002C015D /* NSUIntegerVC */ = {
			isa = PBXGroup;
			children = (
				046CF4A122D87893002C015D /* NSUIntegerVC.h */,
				046CF4A222D87893002C015D /* NSUIntegerVC.m */,
			);
			path = NSUIntegerVC;
			sourceTree = "<group>";
		};
		046CF4A422D8791B002C015D /* NSDecimal */ = {
			isa = PBXGroup;
			children = (
				046CF4A522D8792A002C015D /* NSDecimalVC.h */,
				046CF4A622D8792A002C015D /* NSDecimalVC.m */,
			);
			path = NSDecimal;
			sourceTree = "<group>";
		};
		046CF4A822D9B3A7002C015D /* NSDecimalNumber */ = {
			isa = PBXGroup;
			children = (
				046CF4AC22D9C54F002C015D /* Model */,
				046CF4A922D9B3C6002C015D /* NSDecimalNumberVC.h */,
				046CF4AA22D9B3C6002C015D /* NSDecimalNumberVC.m */,
			);
			path = NSDecimalNumber;
			sourceTree = "<group>";
		};
		046CF4AC22D9C54F002C015D /* Model */ = {
			isa = PBXGroup;
			children = (
				046CF4AD22D9C560002C015D /* DecimalNumberBehaviors.h */,
				046CF4AE22D9C560002C015D /* DecimalNumberBehaviors.m */,
			);
			path = Model;
			sourceTree = "<group>";
		};
		0498652E22F294C700C532F1 /* Adaptivity */ = {
			isa = PBXGroup;
			children = (
				0498653222F2952400C532F1 /* UITraitCollection */,
				0498652F22F294F000C532F1 /* AdaptivityVC.h */,
				0498653022F294F000C532F1 /* AdaptivityVC.m */,
			);
			path = Adaptivity;
			sourceTree = "<group>";
		};
		0498653222F2952400C532F1 /* UITraitCollection */ = {
			isa = PBXGroup;
			children = (
				0498653322F2954200C532F1 /* UITraitCollectionVC.h */,
				0498653422F2954200C532F1 /* UITraitCollectionVC.m */,
			);
			path = UITraitCollection;
			sourceTree = "<group>";
		};
		04A213C422F18F14009A21BB /* ChnageAppIcon */ = {
			isa = PBXGroup;
			children = (
				04A213E122F19BDC009A21BB /* AppIcons */,
				04A213C522F18F28009A21BB /* ChangeAppIconVC.h */,
				04A213C622F18F28009A21BB /* ChangeAppIconVC.m */,
			);
			path = ChnageAppIcon;
			sourceTree = "<group>";
		};
		04A213E122F19BDC009A21BB /* AppIcons */ = {
			isa = PBXGroup;
			children = (
				04A213EA22F19FA5009A21BB /* four.png */,
				04A213EB22F19FA5009A21BB /* one.png */,
				04A213EC22F19FA5009A21BB /* three.png */,
				04A213ED22F19FA5009A21BB /* two.png */,
			);
			path = AppIcons;
			sourceTree = "<group>";
		};
		04CFB6A422DEACB1006C58FD /* AppServices */ = {
			isa = PBXGroup;
			children = (
				04CFB6AC22DEAD9A006C58FD /* Contacts */,
				04CFB6A522DEACBB006C58FD /* AddressBook */,
				04CFB6A622DEACD8006C58FD /* AppServicesVC.h */,
				04CFB6A722DEACD8006C58FD /* AppServicesVC.m */,
			);
			path = AppServices;
			sourceTree = "<group>";
		};
		04CFB6A522DEACBB006C58FD /* AddressBook */ = {
			isa = PBXGroup;
			children = (
				04CFB6A922DEAD40006C58FD /* AddressBookVC.h */,
				04CFB6AA22DEAD40006C58FD /* AddressBookVC.m */,
			);
			path = AddressBook;
			sourceTree = "<group>";
		};
		04CFB6AC22DEAD9A006C58FD /* Contacts */ = {
			isa = PBXGroup;
			children = (
				04CFB6AD22DEADA3006C58FD /* ContactsVC.h */,
				04CFB6AE22DEADA3006C58FD /* ContactsVC.m */,
			);
			path = Contacts;
			sourceTree = "<group>";
		};
		04FBC78222F8267800877A49 /* CFNetwork */ = {
			isa = PBXGroup;
			children = (
				04FBC78322F8268700877A49 /* CFNetworkVC.h */,
				04FBC78422F8268700877A49 /* CFNetworkVC.m */,
			);
			path = CFNetwork;
			sourceTree = "<group>";
		};
		04FBC78622F8275F00877A49 /* SystemConfiguration */ = {
			isa = PBXGroup;
			children = (
				04FBC78722F8277500877A49 /* SystemConfigurationVC.h */,
				04FBC78822F8277500877A49 /* SystemConfigurationVC.m */,
			);
			path = SystemConfiguration;
			sourceTree = "<group>";
		};
/* End PBXGroup section */

/* Begin PBXNativeTarget section */
		045637B922D86CB5008F8E8B /* DocumentPlayer */ = {
			isa = PBXNativeTarget;
			buildConfigurationList = 045637D022D86CB6008F8E8B /* Build configuration list for PBXNativeTarget "DocumentPlayer" */;
			buildPhases = (
				045637B622D86CB5008F8E8B /* Sources */,
				045637B722D86CB5008F8E8B /* Frameworks */,
				045637B822D86CB5008F8E8B /* Resources */,
			);
			buildRules = (
			);
			dependencies = (
			);
			name = DocumentPlayer;
			productName = DocumentPlayer;
			productReference = 045637BA22D86CB5008F8E8B /* DocumentPlayer.app */;
			productType = "com.apple.product-type.application";
		};
/* End PBXNativeTarget section */

/* Begin PBXProject section */
		045637B222D86CB5008F8E8B /* Project object */ = {
			isa = PBXProject;
			attributes = {
				LastUpgradeCheck = 1020;
				ORGANIZATIONNAME = "黄瑞";
				TargetAttributes = {
					045637B922D86CB5008F8E8B = {
						CreatedOnToolsVersion = 10.2.1;
					};
				};
			};
			buildConfigurationList = 045637B522D86CB5008F8E8B /* Build configuration list for PBXProject "DocumentPlayer" */;
			compatibilityVersion = "Xcode 9.3";
			developmentRegion = en;
			hasScannedForEncodings = 0;
			knownRegions = (
				en,
				Base,
			);
			mainGroup = 045637B122D86CB5008F8E8B;
			productRefGroup = 045637BB22D86CB5008F8E8B /* Products */;
			projectDirPath = "";
			projectRoot = "";
			targets = (
				045637B922D86CB5008F8E8B /* DocumentPlayer */,
			);
		};
/* End PBXProject section */

/* Begin PBXResourcesBuildPhase section */
		045637B822D86CB5008F8E8B /* Resources */ = {
			isa = PBXResourcesBuildPhase;
			buildActionMask = 2147483647;
			files = (
				04A213F122F19FA5009A21BB /* two.png in Resources */,
				04924D0822F143B100922CC1 /* LaunchScreen.storyboard in Resources */,
				04A213EF22F19FA5009A21BB /* one.png in Resources */,
				04A213F022F19FA5009A21BB /* three.png in Resources */,
				045637C722D86CB6008F8E8B /* Assets.xcassets in Resources */,
				045637C522D86CB5008F8E8B /* Main.storyboard in Resources */,
				04A213EE22F19FA5009A21BB /* four.png in Resources */,
			);
			runOnlyForDeploymentPostprocessing = 0;
		};
/* End PBXResourcesBuildPhase section */

/* Begin PBXSourcesBuildPhase section */
		045637B622D86CB5008F8E8B /* Sources */ = {
			isa = PBXSourcesBuildPhase;
			buildActionMask = 2147483647;
			files = (
				0426C7A323138F0F00D3C940 /* WebVC.m in Sources */,
				0426C7A623138F1E00D3C940 /* DeveloperToolsVC.m in Sources */,
				045637CD22D86CB6008F8E8B /* main.m in Sources */,
				046CF4A722D8792A002C015D /* NSDecimalVC.m in Sources */,
				042C358722E6BDC200FE3546 /* CoreAudioDataTypesVC.m in Sources */,
				042C358322E6BDA900FE3546 /* CoreAudioStructuresVC.m in Sources */,
				0426C7AD23138F7F00D3C940 /* BundleResourcesVC.m in Sources */,
				046CF49722D87661002C015D /* NumbersDataandBasicValuesVC.m in Sources */,
				040908C622E5863100D40DE1 /* FiltersandSortingVC.m in Sources */,
				042C358F22E6D4C300FE3546 /* CoreAudioConstantsVC.m in Sources */,
				046CF48822D871AA002C015D /* AppFrameworksVC.m in Sources */,
				042C357B22E6BC9E00FE3546 /* MediaVC.m in Sources */,
				046CF4AB22D9B3C6002C015D /* NSDecimalNumberVC.m in Sources */,
				04CFB6AF22DEADA3006C58FD /* ContactsVC.m in Sources */,
				046CF49A22D876B3002C015D /* NumbersVC.m in Sources */,
				042C358B22E6D4A900FE3546 /* CoreAudioFunctionsVC.m in Sources */,
				04CFB6A822DEACD8006C58FD /* AppServicesVC.m in Sources */,
				04619D1622EFE1FB007FD182 /* UIDeviceVC.m in Sources */,
				042C357F22E6BCC000FE3546 /* CoreAudioVC.m in Sources */,
				046CF4AF22D9C560002C015D /* DecimalNumberBehaviors.m in Sources */,
				046CF48C22D871C3002C015D /* BaseTableVC.m in Sources */,
				042C359722E6D6B400FE3546 /* CoreAudioKitVC.m in Sources */,
				0426C7B62313CF6000D3C940 /* InformationPropertyListVC.m in Sources */,
				0426C7BA2313DC1600D3C940 /* UIView+easyFrame.m in Sources */,
				04619D2722F01E5E007FD182 /* UIApplicationVC.m in Sources */,
				040908CA22E5868F00D40DE1 /* NSPredicateVC.m in Sources */,
				042C359F22E6D8DB00FE3546 /* AUViewControllerVC.m in Sources */,
				04A213C722F18F28009A21BB /* ChangeAppIconVC.m in Sources */,
				042C359322E6D4FC00FE3546 /* CoreAudioEnumerationsVC.m in Sources */,
				045637BF22D86CB5008F8E8B /* AppDelegate.m in Sources */,
				0498653522F2954200C532F1 /* UITraitCollectionVC.m in Sources */,
				0426C7A923138F2F00D3C940 /* GraphicsandGamesVC.m in Sources */,
				04CFB6AB22DEAD40006C58FD /* AddressBookVC.m in Sources */,
				04619D1B22F01CB2007FD182 /* AppStructureVC.m in Sources */,
				0498653122F294F000C532F1 /* AdaptivityVC.m in Sources */,
				046CF49F22D8775D002C015D /* NSIntegerVC.m in Sources */,
				04619D2322F01D83007FD182 /* DeviceEnvironmentVC.m in Sources */,
				040BB94E22DDC57C002AF92A /* NSNumberVC.m in Sources */,
				046CF48F22D874FB002C015D /* FoundationVC.m in Sources */,
				0449BC1122EBEEC6001A2516 /* UIKitVC.m in Sources */,
				04619D1F22F01CFE007FD182 /* LifeCycleVC.m in Sources */,
				0445D7FF22F825F600F0CBC9 /* SystemVC.m in Sources */,
				046CF48222D86E5B002C015D /* BaseCellModel.m in Sources */,
				046CF49322D875B8002C015D /* FundamentalsVC.m in Sources */,
				046CF4A322D87893002C015D /* NSUIntegerVC.m in Sources */,
				04FBC78522F8268700877A49 /* CFNetworkVC.m in Sources */,
				04FBC78922F8277500877A49 /* SystemConfigurationVC.m in Sources */,
				0426C7B22313CF4500D3C940 /* EntitlementsVC.m in Sources */,
				045637D522D86CD2008F8E8B /* DocumentVC.m in Sources */,
			);
			runOnlyForDeploymentPostprocessing = 0;
		};
/* End PBXSourcesBuildPhase section */

/* Begin PBXVariantGroup section */
		045637C322D86CB5008F8E8B /* Main.storyboard */ = {
			isa = PBXVariantGroup;
			children = (
				045637C422D86CB5008F8E8B /* Base */,
			);
			name = Main.storyboard;
			sourceTree = "<group>";
		};
/* End PBXVariantGroup section */

/* Begin XCBuildConfiguration section */
		045637CE22D86CB6008F8E8B /* Debug */ = {
			isa = XCBuildConfiguration;
			buildSettings = {
				ALWAYS_SEARCH_USER_PATHS = NO;
				CLANG_ANALYZER_NONNULL = YES;
				CLANG_ANALYZER_NUMBER_OBJECT_CONVERSION = YES_AGGRESSIVE;
				CLANG_CXX_LANGUAGE_STANDARD = "gnu++14";
				CLANG_CXX_LIBRARY = "libc++";
				CLANG_ENABLE_MODULES = YES;
				CLANG_ENABLE_OBJC_ARC = YES;
				CLANG_ENABLE_OBJC_WEAK = YES;
				CLANG_WARN_BLOCK_CAPTURE_AUTORELEASING = YES;
				CLANG_WARN_BOOL_CONVERSION = YES;
				CLANG_WARN_COMMA = YES;
				CLANG_WARN_CONSTANT_CONVERSION = YES;
				CLANG_WARN_DEPRECATED_OBJC_IMPLEMENTATIONS = YES;
				CLANG_WARN_DIRECT_OBJC_ISA_USAGE = YES_ERROR;
				CLANG_WARN_DOCUMENTATION_COMMENTS = YES;
				CLANG_WARN_EMPTY_BODY = YES;
				CLANG_WARN_ENUM_CONVERSION = YES;
				CLANG_WARN_INFINITE_RECURSION = YES;
				CLANG_WARN_INT_CONVERSION = YES;
				CLANG_WARN_NON_LITERAL_NULL_CONVERSION = YES;
				CLANG_WARN_OBJC_IMPLICIT_RETAIN_SELF = YES;
				CLANG_WARN_OBJC_LITERAL_CONVERSION = YES;
				CLANG_WARN_OBJC_ROOT_CLASS = YES_ERROR;
				CLANG_WARN_RANGE_LOOP_ANALYSIS = YES;
				CLANG_WARN_STRICT_PROTOTYPES = YES;
				CLANG_WARN_SUSPICIOUS_MOVE = YES;
				CLANG_WARN_UNGUARDED_AVAILABILITY = YES_AGGRESSIVE;
				CLANG_WARN_UNREACHABLE_CODE = YES;
				CLANG_WARN__DUPLICATE_METHOD_MATCH = YES;
				CODE_SIGN_IDENTITY = "iPhone Developer";
				COPY_PHASE_STRIP = NO;
				DEBUG_INFORMATION_FORMAT = dwarf;
				ENABLE_STRICT_OBJC_MSGSEND = YES;
				ENABLE_TESTABILITY = YES;
				GCC_C_LANGUAGE_STANDARD = gnu11;
				GCC_DYNAMIC_NO_PIC = NO;
				GCC_NO_COMMON_BLOCKS = YES;
				GCC_OPTIMIZATION_LEVEL = 0;
				GCC_PREPROCESSOR_DEFINITIONS = (
					"DEBUG=1",
					"$(inherited)",
				);
				GCC_WARN_64_TO_32_BIT_CONVERSION = YES;
				GCC_WARN_ABOUT_RETURN_TYPE = YES_ERROR;
				GCC_WARN_UNDECLARED_SELECTOR = YES;
				GCC_WARN_UNINITIALIZED_AUTOS = YES_AGGRESSIVE;
				GCC_WARN_UNUSED_FUNCTION = YES;
				GCC_WARN_UNUSED_VARIABLE = YES;
				IPHONEOS_DEPLOYMENT_TARGET = 12.2;
				MTL_ENABLE_DEBUG_INFO = INCLUDE_SOURCE;
				MTL_FAST_MATH = YES;
				ONLY_ACTIVE_ARCH = YES;
				SDKROOT = iphoneos;
			};
			name = Debug;
		};
		045637CF22D86CB6008F8E8B /* Release */ = {
			isa = XCBuildConfiguration;
			buildSettings = {
				ALWAYS_SEARCH_USER_PATHS = NO;
				CLANG_ANALYZER_NONNULL = YES;
				CLANG_ANALYZER_NUMBER_OBJECT_CONVERSION = YES_AGGRESSIVE;
				CLANG_CXX_LANGUAGE_STANDARD = "gnu++14";
				CLANG_CXX_LIBRARY = "libc++";
				CLANG_ENABLE_MODULES = YES;
				CLANG_ENABLE_OBJC_ARC = YES;
				CLANG_ENABLE_OBJC_WEAK = YES;
				CLANG_WARN_BLOCK_CAPTURE_AUTORELEASING = YES;
				CLANG_WARN_BOOL_CONVERSION = YES;
				CLANG_WARN_COMMA = YES;
				CLANG_WARN_CONSTANT_CONVERSION = YES;
				CLANG_WARN_DEPRECATED_OBJC_IMPLEMENTATIONS = YES;
				CLANG_WARN_DIRECT_OBJC_ISA_USAGE = YES_ERROR;
				CLANG_WARN_DOCUMENTATION_COMMENTS = YES;
				CLANG_WARN_EMPTY_BODY = YES;
				CLANG_WARN_ENUM_CONVERSION = YES;
				CLANG_WARN_INFINITE_RECURSION = YES;
				CLANG_WARN_INT_CONVERSION = YES;
				CLANG_WARN_NON_LITERAL_NULL_CONVERSION = YES;
				CLANG_WARN_OBJC_IMPLICIT_RETAIN_SELF = YES;
				CLANG_WARN_OBJC_LITERAL_CONVERSION = YES;
				CLANG_WARN_OBJC_ROOT_CLASS = YES_ERROR;
				CLANG_WARN_RANGE_LOOP_ANALYSIS = YES;
				CLANG_WARN_STRICT_PROTOTYPES = YES;
				CLANG_WARN_SUSPICIOUS_MOVE = YES;
				CLANG_WARN_UNGUARDED_AVAILABILITY = YES_AGGRESSIVE;
				CLANG_WARN_UNREACHABLE_CODE = YES;
				CLANG_WARN__DUPLICATE_METHOD_MATCH = YES;
				CODE_SIGN_IDENTITY = "iPhone Developer";
				COPY_PHASE_STRIP = NO;
				DEBUG_INFORMATION_FORMAT = "dwarf-with-dsym";
				ENABLE_NS_ASSERTIONS = NO;
				ENABLE_STRICT_OBJC_MSGSEND = YES;
				GCC_C_LANGUAGE_STANDARD = gnu11;
				GCC_NO_COMMON_BLOCKS = YES;
				GCC_WARN_64_TO_32_BIT_CONVERSION = YES;
				GCC_WARN_ABOUT_RETURN_TYPE = YES_ERROR;
				GCC_WARN_UNDECLARED_SELECTOR = YES;
				GCC_WARN_UNINITIALIZED_AUTOS = YES_AGGRESSIVE;
				GCC_WARN_UNUSED_FUNCTION = YES;
				GCC_WARN_UNUSED_VARIABLE = YES;
				IPHONEOS_DEPLOYMENT_TARGET = 12.2;
				MTL_ENABLE_DEBUG_INFO = NO;
				MTL_FAST_MATH = YES;
				SDKROOT = iphoneos;
				VALIDATE_PRODUCT = YES;
			};
			name = Release;
		};
		045637D122D86CB6008F8E8B /* Debug */ = {
			isa = XCBuildConfiguration;
			buildSettings = {
				ASSETCATALOG_COMPILER_APPICON_NAME = AppIcon;
				CODE_SIGN_ENTITLEMENTS = DocumentPlayer/DocumentPlayer.entitlements;
				CODE_SIGN_IDENTITY = "Apple Development";
				CODE_SIGN_STYLE = Automatic;
				DEVELOPMENT_TEAM = XSP8LJW7DB;
				GCC_PREFIX_HEADER = "$(SRCROOT)/DocumentPlayer/PrefixHeader.pch";
				INFOPLIST_FILE = DocumentPlayer/Info.plist;
				LD_RUNPATH_SEARCH_PATHS = (
					"$(inherited)",
					"@executable_path/Frameworks",
				);
				PRODUCT_BUNDLE_IDENTIFIER = com.huangrui.DocumentPlayer;
				PRODUCT_NAME = "$(TARGET_NAME)";
				PROVISIONING_PROFILE_SPECIFIER = "";
				TARGETED_DEVICE_FAMILY = "1,2";
			};
			name = Debug;
		};
		045637D222D86CB6008F8E8B /* Release */ = {
			isa = XCBuildConfiguration;
			buildSettings = {
				ASSETCATALOG_COMPILER_APPICON_NAME = AppIcon;
				CODE_SIGN_ENTITLEMENTS = DocumentPlayer/DocumentPlayer.entitlements;
				CODE_SIGN_IDENTITY = "Apple Development";
				CODE_SIGN_STYLE = Automatic;
				DEVELOPMENT_TEAM = XSP8LJW7DB;
				GCC_PREFIX_HEADER = "$(SRCROOT)/DocumentPlayer/PrefixHeader.pch";
				INFOPLIST_FILE = DocumentPlayer/Info.plist;
				LD_RUNPATH_SEARCH_PATHS = (
					"$(inherited)",
					"@executable_path/Frameworks",
				);
				PRODUCT_BUNDLE_IDENTIFIER = com.huangrui.DocumentPlayer;
				PRODUCT_NAME = "$(TARGET_NAME)";
				PROVISIONING_PROFILE_SPECIFIER = "";
				TARGETED_DEVICE_FAMILY = "1,2";
			};
			name = Release;
		};
/* End XCBuildConfiguration section */

/* Begin XCConfigurationList section */
		045637B522D86CB5008F8E8B /* Build configuration list for PBXProject "DocumentPlayer" */ = {
			isa = XCConfigurationList;
			buildConfigurations = (
				045637CE22D86CB6008F8E8B /* Debug */,
				045637CF22D86CB6008F8E8B /* Release */,
			);
			defaultConfigurationIsVisible = 0;
			defaultConfigurationName = Release;
		};
		045637D022D86CB6008F8E8B /* Build configuration list for PBXNativeTarget "DocumentPlayer" */ = {
			isa = XCConfigurationList;
			buildConfigurations = (
				045637D122D86CB6008F8E8B /* Debug */,
				045637D222D86CB6008F8E8B /* Release */,
			);
			defaultConfigurationIsVisible = 0;
			defaultConfigurationName = Release;
		};
/* End XCConfigurationList section */
	};
	rootObject = 045637B222D86CB5008F8E8B /* Project object */;
}
